{
  "version": 4,
  "terraform_version": "0.12.24",
  "serial": 332,
  "lineage": "3617cfac-0346-9d70-ae40-7194c622c0fa",
  "outputs": {},
  "resources": [
    {
      "module": "module.jenkins_deployment",
      "mode": "data",
      "type": "template_file",
      "name": "jenkins_install",
      "provider": "provider.template",
      "instances": [
        {
          "schema_version": 0,
          "attributes": {
            "filename": null,
            "id": "ca106d39b09f9e5f3efa67dc77c114a7c2600ee64b8b21c6760b4b65c6049c9e",
            "rendered": "#!/bin/bash\nsudo apt update \u0026\u0026 sudo apt upgrade -y\n#Install Java:\nsudo apt install openjdk-8-jdk -y\n#Add key for the Jenkins apt repository:\nwget -q -O - https://pkg.jenkins.io/debian/jenkins.io.key | sudo apt-key add -\n#Add Jenkins Apt Repo:\nsudo sh -c 'echo deb https://pkg.jenkins.io/debian binary/ \u003e /etc/apt/sources.list.d/jenkins.list'\nsudo apt-get update\n#Install Jenkins\nsudo apt-get install jenkins -y\nsleep 30",
            "template": "#!/bin/bash\nsudo apt update \u0026\u0026 sudo apt upgrade -y\n#Install Java:\nsudo apt install openjdk-8-jdk -y\n#Add key for the Jenkins apt repository:\nwget -q -O - https://pkg.jenkins.io/debian/jenkins.io.key | sudo apt-key add -\n#Add Jenkins Apt Repo:\nsudo sh -c 'echo deb https://pkg.jenkins.io/debian binary/ \u003e /etc/apt/sources.list.d/jenkins.list'\nsudo apt-get update\n#Install Jenkins\nsudo apt-get install jenkins -y\nsleep 30",
            "vars": null
          }
        }
      ]
    },
    {
      "module": "module.eks_deployment",
      "mode": "managed",
      "type": "aws_eks_cluster",
      "name": "group2-eks",
      "provider": "module.eks_deployment.provider.aws",
      "instances": [
        {
          "schema_version": 0,
          "attributes": {
            "arn": "arn:aws:eks:eu-west-2:494568794072:cluster/group2-eks",
            "certificate_authority": [
              {
                "data": "LS0tLS1CRUdJTiBDRVJUSUZJQ0FURS0tLS0tCk1JSUN5RENDQWJDZ0F3SUJBZ0lCQURBTkJna3Foa2lHOXcwQkFRc0ZBREFWTVJNd0VRWURWUVFERXdwcmRXSmwKY201bGRHVnpNQjRYRFRJd01EVXdNVEU1TkRjd05sb1hEVE13TURReU9URTVORGN3Tmxvd0ZURVRNQkVHQTFVRQpBeE1LYTNWaVpYSnVaWFJsY3pDQ0FTSXdEUVlKS29aSWh2Y05BUUVCQlFBRGdnRVBBRENDQVFvQ2dnRUJBTHBVCml4cmFhakpMYVJWeFhHV0o0SktkMWNrRzhIc3k4RTJsc1hTSExpTTlNb3RJOGgwZjRad3NkWGk2NWRuenMwMjYKdk1RRDlhMTdyNy9waDBFQ216SHpVbEhBTit0UmJ0KzBPUlFMS1lwalVqcFNWdTBkR3FpYW1ZYzdWSGFKMWdHQQpJaFY4MjVKM3NrdndLVS9FeWZWdXNRWE5mbzJzWFlrNmlyTGlSZnU1UFZiaDF1aFZsdFBvY2I0NXlKbVBBK2ZNCm1WeWRIa0tSZDNIbmdKZE9FWEY3ZDV2SzN3bWFRaTJNM2xWbVJtU1NvdzRoREhBcWxHaHloZTh6bHp2NUVqZXEKQVdZOVFneWE4KzV0QkR0di8rSEc3bHM4T28rZlI2TVdCbk1kS1dXVVdVaGI5OFk2Tmk5bWUxbTJ6YmoxQ1poZAppdkhaU2VvV2RDZVlYdzVMUFIwQ0F3RUFBYU1qTUNFd0RnWURWUjBQQVFIL0JBUURBZ0trTUE4R0ExVWRFd0VCCi93UUZNQU1CQWY4d0RRWUpLb1pJaHZjTkFRRUxCUUFEZ2dFQkFBclR4eTJ4MHlVL09qMHVKaFVyZnpuMlc1TWgKSFNQOElwR0R1eU03bE81cFEwWm04SnVwY3pvLytZWEtYNlpVeXFnUzFpaEhxRnM2cjdQOVlwRDlhREw5Ti9XdQp4b1M4eitGdVUreWg3M29vZkdhMi91RGdnUk5PMWtyVTBKbjl3ampaVlNCTUdETis4T1haZ1B5Y0hYUUVpQmhnClgzU1F0WFg5VjZhYitrbzFRVUREL1pPZEFTSWw0cEdUYnBXbWJRVG9pYklLT0ZqQkhLYWxIVDdXNGgrYmJobXMKSlFuWGNPdG9yTkUwM1U4NkNLSXZua1NuWHNIRWdJcElFRDU0elFoVG00YlJ2N0JlQVBkQm0xRHlFNlEzSDllZApNZTNRdFpBMzg1UFRUOVRDS2pxdnNXejhCSEZvVWJNT2syQ05HWVppQXdpbVppNW9rOEhjNEJNeFpJZz0KLS0tLS1FTkQgQ0VSVElGSUNBVEUtLS0tLQo="
              }
            ],
            "created_at": "2020-05-01 19:40:26 +0000 UTC",
            "enabled_cluster_log_types": null,
            "encryption_config": [],
            "endpoint": "https://E716881FA56046BF7F01DFA081506938.yl4.eu-west-2.eks.amazonaws.com",
            "id": "group2-eks",
            "identity": [
              {
                "oidc": [
                  {
                    "issuer": "https://oidc.eks.eu-west-2.amazonaws.com/id/E716881FA56046BF7F01DFA081506938"
                  }
                ]
              }
            ],
            "name": "group2-eks",
            "platform_version": "eks.2",
            "role_arn": "arn:aws:iam::494568794072:role/eksrole",
            "status": "ACTIVE",
            "tags": null,
            "timeouts": null,
            "version": "1.15",
            "vpc_config": [
              {
                "cluster_security_group_id": "sg-021e2237722bb31dc",
                "endpoint_private_access": false,
                "endpoint_public_access": true,
                "public_access_cidrs": [
                  "0.0.0.0/0"
                ],
                "security_group_ids": [
                  "sg-0e244839591921d2f"
                ],
                "subnet_ids": [
                  "subnet-003f37ed2a5d14827",
                  "subnet-0382830b12158d792"
                ],
                "vpc_id": "vpc-0ca9100ff95630042"
              }
            ]
          },
          "private": "eyJlMmJmYjczMC1lY2FhLTExZTYtOGY4OC0zNDM2M2JjN2M0YzAiOnsiY3JlYXRlIjoxODAwMDAwMDAwMDAwLCJkZWxldGUiOjkwMDAwMDAwMDAwMCwidXBkYXRlIjozNjAwMDAwMDAwMDAwfX0=",
          "dependencies": [
            "module.eks_deployment.aws_iam_role.eksrole",
            "module.eks_deployment.aws_iam_role_policy_attachment.AWS_EKSClusterPolicy",
            "module.eks_deployment.aws_iam_role_policy_attachment.AWS_EKSServicePolicy",
            "module.sg_deployment.aws_security_group.group2-sg",
            "module.vpc_deployment.aws_subnet.group2-sub-live",
            "module.vpc_deployment.aws_subnet.group2-sub-test",
            "module.vpc_deployment.aws_vpc.group2-vpc"
          ]
        }
      ]
    },
    {
      "module": "module.eks_deployment",
      "mode": "managed",
      "type": "aws_eks_node_group",
      "name": "group2_eks_nodegrp",
      "provider": "module.eks_deployment.provider.aws",
      "instances": [
        {
          "schema_version": 0,
          "attributes": {
            "ami_type": "AL2_x86_64",
            "arn": "arn:aws:eks:eu-west-2:494568794072:nodegroup/group2-eks/Pet_Clinic_Node_Groups/6cb8e8e4-afc3-884f-6dd0-de0702e7b2f1",
            "cluster_name": "group2-eks",
            "disk_size": 20,
            "id": "group2-eks:Pet_Clinic_Node_Groups",
            "instance_types": [
              "t2.micro"
            ],
            "labels": null,
            "node_group_name": "Pet_Clinic_Node_Groups",
            "node_role_arn": "arn:aws:iam::494568794072:role/eksrole_node",
            "release_version": "1.15.10-20200228",
            "remote_access": [],
            "resources": [
              {
                "autoscaling_groups": [
                  {
                    "name": "eks-6cb8e8e4-afc3-884f-6dd0-de0702e7b2f1"
                  }
                ],
                "remote_access_security_group_id": ""
              }
            ],
            "scaling_config": [
              {
                "desired_size": 1,
                "max_size": 3,
                "min_size": 1
              }
            ],
            "status": "ACTIVE",
            "subnet_ids": [
              "subnet-003f37ed2a5d14827",
              "subnet-0382830b12158d792"
            ],
            "tags": null,
            "timeouts": null,
            "version": "1.15"
          },
          "private": "eyJlMmJmYjczMC1lY2FhLTExZTYtOGY4OC0zNDM2M2JjN2M0YzAiOnsiY3JlYXRlIjozNjAwMDAwMDAwMDAwLCJkZWxldGUiOjM2MDAwMDAwMDAwMDAsInVwZGF0ZSI6MzYwMDAwMDAwMDAwMH19",
          "dependencies": [
            "module.eks_deployment.aws_eks_cluster.group2-eks",
            "module.eks_deployment.aws_iam_role.eksrole",
            "module.eks_deployment.aws_iam_role.eksrole_node",
            "module.eks_deployment.aws_iam_role_policy_attachment.AWS_EC2ContainerRegistryReadOnly",
            "module.eks_deployment.aws_iam_role_policy_attachment.AWS_EKSClusterPolicy",
            "module.eks_deployment.aws_iam_role_policy_attachment.AWS_EKSServicePolicy",
            "module.eks_deployment.aws_iam_role_policy_attachment.AWS_EKSWorkerNodePolicy",
            "module.eks_deployment.aws_iam_role_policy_attachment.AWS_EKS_CNI_Policy",
            "module.sg_deployment.aws_security_group.group2-sg",
            "module.vpc_deployment.aws_subnet.group2-sub-live",
            "module.vpc_deployment.aws_subnet.group2-sub-test",
            "module.vpc_deployment.aws_vpc.group2-vpc"
          ]
        }
      ]
    },
    {
      "module": "module.eks_deployment",
      "mode": "managed",
      "type": "aws_iam_role",
      "name": "eksrole",
      "provider": "module.eks_deployment.provider.aws",
      "instances": [
        {
          "schema_version": 0,
          "attributes": {
            "arn": "arn:aws:iam::494568794072:role/eksrole",
            "assume_role_policy": "{\"Version\":\"2012-10-17\",\"Statement\":[{\"Effect\":\"Allow\",\"Principal\":{\"Service\":\"eks.amazonaws.com\"},\"Action\":\"sts:AssumeRole\"}]}",
            "create_date": "2020-05-01T19:40:24Z",
            "description": "",
            "force_detach_policies": false,
            "id": "eksrole",
            "max_session_duration": 3600,
            "name": "eksrole",
            "name_prefix": null,
            "path": "/",
            "permissions_boundary": null,
            "tags": null,
            "unique_id": "AROAXGJUY47MIEXWADCBJ"
          },
          "private": "bnVsbA=="
        }
      ]
    },
    {
      "module": "module.eks_deployment",
      "mode": "managed",
      "type": "aws_iam_role",
      "name": "eksrole_node",
      "provider": "module.eks_deployment.provider.aws",
      "instances": [
        {
          "schema_version": 0,
          "attributes": {
            "arn": "arn:aws:iam::494568794072:role/eksrole_node",
            "assume_role_policy": "{\"Version\":\"2012-10-17\",\"Statement\":[{\"Effect\":\"Allow\",\"Principal\":{\"Service\":\"ec2.amazonaws.com\"},\"Action\":\"sts:AssumeRole\"}]}",
            "create_date": "2020-05-01T19:40:23Z",
            "description": "",
            "force_detach_policies": false,
            "id": "eksrole_node",
            "max_session_duration": 3600,
            "name": "eksrole_node",
            "name_prefix": null,
            "path": "/",
            "permissions_boundary": null,
            "tags": null,
            "unique_id": "AROAXGJUY47MOQZL2C5YA"
          },
          "private": "bnVsbA=="
        }
      ]
    },
    {
      "module": "module.eks_deployment",
      "mode": "managed",
      "type": "aws_iam_role_policy_attachment",
      "name": "AWS_EC2ContainerRegistryReadOnly",
      "provider": "module.eks_deployment.provider.aws",
      "instances": [
        {
          "schema_version": 0,
          "attributes": {
            "id": "eksrole_node-20200501194024783300000002",
            "policy_arn": "arn:aws:iam::aws:policy/AmazonEC2ContainerRegistryReadOnly",
            "role": "eksrole_node"
          },
          "private": "bnVsbA==",
          "dependencies": [
            "module.eks_deployment.aws_iam_role.eksrole_node"
          ]
        }
      ]
    },
    {
      "module": "module.eks_deployment",
      "mode": "managed",
      "type": "aws_iam_role_policy_attachment",
      "name": "AWS_EKSClusterPolicy",
      "provider": "module.eks_deployment.provider.aws",
      "instances": [
        {
          "schema_version": 0,
          "attributes": {
            "id": "eksrole-20200501194024774900000001",
            "policy_arn": "arn:aws:iam::aws:policy/AmazonEKSClusterPolicy",
            "role": "eksrole"
          },
          "private": "bnVsbA==",
          "dependencies": [
            "module.eks_deployment.aws_iam_role.eksrole"
          ]
        }
      ]
    },
    {
      "module": "module.eks_deployment",
      "mode": "managed",
      "type": "aws_iam_role_policy_attachment",
      "name": "AWS_EKSServicePolicy",
      "provider": "module.eks_deployment.provider.aws",
      "instances": [
        {
          "schema_version": 0,
          "attributes": {
            "id": "eksrole-20200501194024834100000005",
            "policy_arn": "arn:aws:iam::aws:policy/AmazonEKSServicePolicy",
            "role": "eksrole"
          },
          "private": "bnVsbA==",
          "dependencies": [
            "module.eks_deployment.aws_iam_role.eksrole"
          ]
        }
      ]
    },
    {
      "module": "module.eks_deployment",
      "mode": "managed",
      "type": "aws_iam_role_policy_attachment",
      "name": "AWS_EKSWorkerNodePolicy",
      "provider": "module.eks_deployment.provider.aws",
      "instances": [
        {
          "schema_version": 0,
          "attributes": {
            "id": "eksrole_node-20200501194024809000000004",
            "policy_arn": "arn:aws:iam::aws:policy/AmazonEKSWorkerNodePolicy",
            "role": "eksrole_node"
          },
          "private": "bnVsbA==",
          "dependencies": [
            "module.eks_deployment.aws_iam_role.eksrole_node"
          ]
        }
      ]
    },
    {
      "module": "module.eks_deployment",
      "mode": "managed",
      "type": "aws_iam_role_policy_attachment",
      "name": "AWS_EKS_CNI_Policy",
      "provider": "module.eks_deployment.provider.aws",
      "instances": [
        {
          "schema_version": 0,
          "attributes": {
            "id": "eksrole_node-20200501194024796700000003",
            "policy_arn": "arn:aws:iam::aws:policy/AmazonEKS_CNI_Policy",
            "role": "eksrole_node"
          },
          "private": "bnVsbA==",
          "dependencies": [
            "module.eks_deployment.aws_iam_role.eksrole_node"
          ]
        }
      ]
    },
    {
      "module": "module.jenkins_deployment",
      "mode": "managed",
      "type": "aws_instance",
      "name": "jenkins_instance",
      "provider": "provider.aws",
      "instances": [
        {
          "schema_version": 1,
          "attributes": {
            "ami": "ami-0917237b4e71c5759",
            "arn": "arn:aws:ec2:eu-west-2:494568794072:instance/i-073cbedc7e39a0902",
            "associate_public_ip_address": true,
            "availability_zone": "eu-west-2b",
            "cpu_core_count": 1,
            "cpu_threads_per_core": 1,
            "credit_specification": [
              {
                "cpu_credits": "standard"
              }
            ],
            "disable_api_termination": false,
            "ebs_block_device": [],
            "ebs_optimized": false,
            "ephemeral_block_device": [],
            "get_password_data": false,
            "hibernation": false,
            "host_id": null,
            "iam_instance_profile": "",
            "id": "i-073cbedc7e39a0902",
            "instance_initiated_shutdown_behavior": null,
            "instance_state": "running",
            "instance_type": "t2.micro",
            "ipv6_address_count": 0,
            "ipv6_addresses": [],
            "key_name": "group2",
            "metadata_options": [
              {
                "http_endpoint": "enabled",
                "http_put_response_hop_limit": 1,
                "http_tokens": "optional"
              }
            ],
            "monitoring": false,
            "network_interface": [],
            "network_interface_id": null,
            "outpost_arn": "",
            "password_data": "",
            "placement_group": "",
            "primary_network_interface_id": "eni-07801296f06af9c65",
            "private_dns": "ip-10-10-2-227.eu-west-2.compute.internal",
            "private_ip": "10.10.2.227",
            "public_dns": "ec2-3-8-204-217.eu-west-2.compute.amazonaws.com",
            "public_ip": "3.8.204.217",
            "root_block_device": [
              {
                "delete_on_termination": true,
                "device_name": "/dev/sda1",
                "encrypted": false,
                "iops": 100,
                "kms_key_id": "",
                "volume_id": "vol-05afc029d61c342b6",
                "volume_size": 8,
                "volume_type": "gp2"
              }
            ],
            "security_groups": [],
            "source_dest_check": true,
            "subnet_id": "subnet-003f37ed2a5d14827",
            "tags": null,
            "tenancy": "default",
            "timeouts": null,
            "user_data": "d9435d5474bb6c176290ca066cdb50be9f86e873",
            "user_data_base64": null,
            "volume_tags": {},
            "vpc_security_group_ids": [
              "sg-001d94edeb97d397f"
            ]
          },
          "private": "eyJlMmJmYjczMC1lY2FhLTExZTYtOGY4OC0zNDM2M2JjN2M0YzAiOnsiY3JlYXRlIjo2MDAwMDAwMDAwMDAsImRlbGV0ZSI6MTIwMDAwMDAwMDAwMCwidXBkYXRlIjo2MDAwMDAwMDAwMDB9LCJzY2hlbWFfdmVyc2lvbiI6IjEifQ==",
          "dependencies": [
            "module.sg_deployment.aws_security_group.jenkins-sg",
            "module.vpc_deployment.aws_subnet.group2-sub-test",
            "module.vpc_deployment.aws_vpc.group2-vpc"
          ]
        }
      ]
    },
    {
      "module": "module.vpc_deployment",
      "mode": "managed",
      "type": "aws_internet_gateway",
      "name": "group2-igw",
      "provider": "provider.aws",
      "instances": [
        {
          "schema_version": 0,
          "attributes": {
            "id": "igw-0d6954b9fae098749",
            "owner_id": "494568794072",
            "tags": null,
            "vpc_id": "vpc-0ca9100ff95630042"
          },
          "private": "bnVsbA==",
          "dependencies": [
            "module.vpc_deployment.aws_vpc.group2-vpc"
          ]
        }
      ]
    },
    {
      "module": "module.vpc_deployment",
      "mode": "managed",
      "type": "aws_main_route_table_association",
      "name": "group2-rt-main",
      "provider": "provider.aws",
      "instances": [
        {
          "schema_version": 0,
          "attributes": {
            "id": "rtbassoc-04ebace9e1e27e86e",
            "original_route_table_id": "rtb-063c14fab147aba21",
            "route_table_id": "rtb-0608c4964600231eb",
            "vpc_id": "vpc-0ca9100ff95630042"
          },
          "private": "bnVsbA==",
          "dependencies": [
            "module.vpc_deployment.aws_internet_gateway.group2-igw",
            "module.vpc_deployment.aws_route_table.group2-rt",
            "module.vpc_deployment.aws_vpc.group2-vpc"
          ]
        }
      ]
    },
    {
      "module": "module.vpc_deployment",
      "mode": "managed",
      "type": "aws_route_table",
      "name": "group2-rt",
      "provider": "provider.aws",
      "instances": [
        {
          "schema_version": 0,
          "attributes": {
            "id": "rtb-0608c4964600231eb",
            "owner_id": "494568794072",
            "propagating_vgws": [],
            "route": [
              {
                "cidr_block": "0.0.0.0/0",
                "egress_only_gateway_id": "",
                "gateway_id": "igw-0d6954b9fae098749",
                "instance_id": "",
                "ipv6_cidr_block": "",
                "nat_gateway_id": "",
                "network_interface_id": "",
                "transit_gateway_id": "",
                "vpc_peering_connection_id": ""
              }
            ],
            "tags": null,
            "vpc_id": "vpc-0ca9100ff95630042"
          },
          "private": "bnVsbA==",
          "dependencies": [
            "module.vpc_deployment.aws_internet_gateway.group2-igw",
            "module.vpc_deployment.aws_vpc.group2-vpc"
          ]
        }
      ]
    },
    {
      "module": "module.vpc_deployment",
      "mode": "managed",
      "type": "aws_route_table_association",
      "name": "group2-live-rta",
      "provider": "provider.aws",
      "instances": [
        {
          "schema_version": 0,
          "attributes": {
            "gateway_id": null,
            "id": "rtbassoc-02309e491fec1dc32",
            "route_table_id": "rtb-0608c4964600231eb",
            "subnet_id": "subnet-0382830b12158d792"
          },
          "private": "bnVsbA==",
          "dependencies": [
            "module.vpc_deployment.aws_internet_gateway.group2-igw",
            "module.vpc_deployment.aws_route_table.group2-rt",
            "module.vpc_deployment.aws_subnet.group2-sub-live",
            "module.vpc_deployment.aws_vpc.group2-vpc"
          ]
        }
      ]
    },
    {
      "module": "module.vpc_deployment",
      "mode": "managed",
      "type": "aws_route_table_association",
      "name": "group2-test-rta",
      "provider": "provider.aws",
      "instances": [
        {
          "schema_version": 0,
          "attributes": {
            "gateway_id": null,
            "id": "rtbassoc-02309e491fec1dc32",
            "route_table_id": "rtb-0608c4964600231eb",
            "subnet_id": "subnet-0382830b12158d792"
          },
          "private": "bnVsbA==",
          "dependencies": [
            "module.vpc_deployment.aws_internet_gateway.group2-igw",
            "module.vpc_deployment.aws_route_table.group2-rt",
            "module.vpc_deployment.aws_subnet.group2-sub-live",
            "module.vpc_deployment.aws_vpc.group2-vpc"
          ]
        }
      ]
    },
    {
      "module": "module.sg_deployment",
      "mode": "managed",
      "type": "aws_security_group",
      "name": "group2-sg",
      "provider": "provider.aws",
      "instances": [
        {
          "schema_version": 1,
          "attributes": {
            "arn": "arn:aws:ec2:eu-west-2:494568794072:security-group/sg-0e244839591921d2f",
            "description": "Managed by Terraform",
            "egress": [
              {
                "cidr_blocks": [
                  "0.0.0.0/0"
                ],
                "description": "",
                "from_port": 0,
                "ipv6_cidr_blocks": [],
                "prefix_list_ids": [],
                "protocol": "-1",
                "security_groups": [],
                "self": false,
                "to_port": 0
              }
            ],
            "id": "sg-0e244839591921d2f",
            "ingress": [
              {
                "cidr_blocks": [
                  "0.0.0.0/0"
                ],
                "description": "",
                "from_port": 4200,
                "ipv6_cidr_blocks": [],
                "prefix_list_ids": [],
                "protocol": "tcp",
                "security_groups": [],
                "self": false,
                "to_port": 4200
              },
              {
                "cidr_blocks": [
                  "0.0.0.0/0"
                ],
                "description": "",
                "from_port": 80,
                "ipv6_cidr_blocks": [],
                "prefix_list_ids": [],
                "protocol": "tcp",
                "security_groups": [],
                "self": false,
                "to_port": 80
              },
              {
                "cidr_blocks": [
                  "0.0.0.0/0"
                ],
                "description": "",
                "from_port": 9966,
                "ipv6_cidr_blocks": [],
                "prefix_list_ids": [],
                "protocol": "tcp",
                "security_groups": [],
                "self": false,
                "to_port": 9966
              }
            ],
            "name": "group2-sg",
            "name_prefix": null,
            "owner_id": "494568794072",
            "revoke_rules_on_delete": false,
            "tags": null,
            "timeouts": null,
            "vpc_id": "vpc-0ca9100ff95630042"
          },
          "private": "eyJlMmJmYjczMC1lY2FhLTExZTYtOGY4OC0zNDM2M2JjN2M0YzAiOnsiY3JlYXRlIjo2MDAwMDAwMDAwMDAsImRlbGV0ZSI6NjAwMDAwMDAwMDAwfSwic2NoZW1hX3ZlcnNpb24iOiIxIn0=",
          "dependencies": [
            "module.vpc_deployment.aws_vpc.group2-vpc"
          ]
        }
      ]
    },
    {
      "module": "module.sg_deployment",
      "mode": "managed",
      "type": "aws_security_group",
      "name": "jenkins-sg",
      "provider": "provider.aws",
      "instances": [
        {
          "schema_version": 1,
          "attributes": {
            "arn": "arn:aws:ec2:eu-west-2:494568794072:security-group/sg-001d94edeb97d397f",
            "description": "Managed by Terraform",
            "egress": [
              {
                "cidr_blocks": [
                  "0.0.0.0/0"
                ],
                "description": "",
                "from_port": 0,
                "ipv6_cidr_blocks": [],
                "prefix_list_ids": [],
                "protocol": "-1",
                "security_groups": [],
                "self": false,
                "to_port": 0
              }
            ],
            "id": "sg-001d94edeb97d397f",
            "ingress": [
              {
                "cidr_blocks": [
                  "0.0.0.0/0"
                ],
                "description": "",
                "from_port": 22,
                "ipv6_cidr_blocks": [],
                "prefix_list_ids": [],
                "protocol": "tcp",
                "security_groups": [],
                "self": false,
                "to_port": 22
              },
              {
                "cidr_blocks": [
                  "0.0.0.0/0"
                ],
                "description": "",
                "from_port": 4200,
                "ipv6_cidr_blocks": [],
                "prefix_list_ids": [],
                "protocol": "tcp",
                "security_groups": [],
                "self": false,
                "to_port": 4200
              },
              {
                "cidr_blocks": [
                  "0.0.0.0/0"
                ],
                "description": "",
                "from_port": 8080,
                "ipv6_cidr_blocks": [],
                "prefix_list_ids": [],
                "protocol": "tcp",
                "security_groups": [],
                "self": false,
                "to_port": 8080
              },
              {
                "cidr_blocks": [
                  "0.0.0.0/0"
                ],
                "description": "",
                "from_port": 80,
                "ipv6_cidr_blocks": [],
                "prefix_list_ids": [],
                "protocol": "tcp",
                "security_groups": [],
                "self": false,
                "to_port": 80
              },
              {
                "cidr_blocks": [
                  "0.0.0.0/0"
                ],
                "description": "",
                "from_port": 9966,
                "ipv6_cidr_blocks": [],
                "prefix_list_ids": [],
                "protocol": "tcp",
                "security_groups": [],
                "self": false,
                "to_port": 9966
              }
            ],
            "name": "jenkins-sg",
            "name_prefix": null,
            "owner_id": "494568794072",
            "revoke_rules_on_delete": false,
            "tags": null,
            "timeouts": null,
            "vpc_id": "vpc-0ca9100ff95630042"
          },
          "private": "eyJlMmJmYjczMC1lY2FhLTExZTYtOGY4OC0zNDM2M2JjN2M0YzAiOnsiY3JlYXRlIjo2MDAwMDAwMDAwMDAsImRlbGV0ZSI6NjAwMDAwMDAwMDAwfSwic2NoZW1hX3ZlcnNpb24iOiIxIn0=",
          "dependencies": [
            "module.vpc_deployment.aws_vpc.group2-vpc"
          ]
        }
      ]
    },
    {
      "module": "module.vpc_deployment",
      "mode": "managed",
      "type": "aws_subnet",
      "name": "group2-sub-live",
      "provider": "provider.aws",
      "instances": [
        {
          "schema_version": 1,
          "attributes": {
            "arn": "arn:aws:ec2:eu-west-2:494568794072:subnet/subnet-0382830b12158d792",
            "assign_ipv6_address_on_creation": false,
            "availability_zone": "eu-west-2c",
            "availability_zone_id": "euw2-az1",
            "cidr_block": "10.10.1.0/24",
            "id": "subnet-0382830b12158d792",
            "ipv6_cidr_block": "",
            "ipv6_cidr_block_association_id": "",
            "map_public_ip_on_launch": true,
            "outpost_arn": "",
            "owner_id": "494568794072",
            "tags": null,
            "timeouts": null,
            "vpc_id": "vpc-0ca9100ff95630042"
          },
          "private": "eyJlMmJmYjczMC1lY2FhLTExZTYtOGY4OC0zNDM2M2JjN2M0YzAiOnsiY3JlYXRlIjo2MDAwMDAwMDAwMDAsImRlbGV0ZSI6MTIwMDAwMDAwMDAwMH0sInNjaGVtYV92ZXJzaW9uIjoiMSJ9",
          "dependencies": [
            "module.vpc_deployment.aws_vpc.group2-vpc"
          ]
        }
      ]
    },
    {
      "module": "module.vpc_deployment",
      "mode": "managed",
      "type": "aws_subnet",
      "name": "group2-sub-test",
      "provider": "provider.aws",
      "instances": [
        {
          "schema_version": 1,
          "attributes": {
            "arn": "arn:aws:ec2:eu-west-2:494568794072:subnet/subnet-003f37ed2a5d14827",
            "assign_ipv6_address_on_creation": false,
            "availability_zone": "eu-west-2b",
            "availability_zone_id": "euw2-az3",
            "cidr_block": "10.10.2.0/24",
            "id": "subnet-003f37ed2a5d14827",
            "ipv6_cidr_block": "",
            "ipv6_cidr_block_association_id": "",
            "map_public_ip_on_launch": true,
            "outpost_arn": "",
            "owner_id": "494568794072",
            "tags": null,
            "timeouts": null,
            "vpc_id": "vpc-0ca9100ff95630042"
          },
          "private": "eyJlMmJmYjczMC1lY2FhLTExZTYtOGY4OC0zNDM2M2JjN2M0YzAiOnsiY3JlYXRlIjo2MDAwMDAwMDAwMDAsImRlbGV0ZSI6MTIwMDAwMDAwMDAwMH0sInNjaGVtYV92ZXJzaW9uIjoiMSJ9",
          "dependencies": [
            "module.vpc_deployment.aws_vpc.group2-vpc"
          ]
        }
      ]
    },
    {
      "module": "module.vpc_deployment",
      "mode": "managed",
      "type": "aws_vpc",
      "name": "group2-vpc",
      "provider": "provider.aws",
      "instances": [
        {
          "schema_version": 1,
          "attributes": {
            "arn": "arn:aws:ec2:eu-west-2:494568794072:vpc/vpc-0ca9100ff95630042",
            "assign_generated_ipv6_cidr_block": false,
            "cidr_block": "10.10.0.0/16",
            "default_network_acl_id": "acl-045bee92ebdee770c",
            "default_route_table_id": "rtb-063c14fab147aba21",
            "default_security_group_id": "sg-0b717f2d117d5ed45",
            "dhcp_options_id": "dopt-4f164827",
            "enable_classiclink": null,
            "enable_classiclink_dns_support": null,
            "enable_dns_hostnames": true,
            "enable_dns_support": true,
            "id": "vpc-0ca9100ff95630042",
            "instance_tenancy": "default",
            "ipv6_association_id": "",
            "ipv6_cidr_block": "",
            "main_route_table_id": "rtb-063c14fab147aba21",
            "owner_id": "494568794072",
            "tags": null
          },
          "private": "eyJzY2hlbWFfdmVyc2lvbiI6IjEifQ=="
        }
      ]
    }
  ]
}
