{
  "version": 4,
  "terraform_version": "0.12.24",
  "serial": 693,
  "lineage": "3617cfac-0346-9d70-ae40-7194c622c0fa",
  "outputs": {},
  "resources": [
    {
      "module": "module.jenkins_deployment",
      "mode": "data",
      "type": "template_file",
      "name": "jenkins_install",
      "provider": "provider.template",
      "instances": [
        {
          "schema_version": 0,
          "attributes": {
            "filename": null,
            "id": "fb6c1e2a20dda0a509fd51f2600fdd1b1f9fa20cad99a611c276807c8339c105",
            "rendered": "#!/bin/bash\nsudo apt update \u0026\u0026 sudo apt upgrade -y\nsudo apt install openjdk-8-jdk -y\n#JENKINS:\nwget -q -O - https://pkg.jenkins.io/debian/jenkins.io.key | sudo apt-key add -\nsudo sh -c 'echo deb https://pkg.jenkins.io/debian binary/ \u003e /etc/apt/sources.list.d/jenkins.list'\nsudo apt-get update\nsudo apt-get install jenkins -y\n#AWS-CLI\ncurl \"https://awscli.amazonaws.com/awscli-exe-linux-x86_64.zip\" -o \"awscliv2.zip\"\nsudo apt install unzip -y\nunzip awscliv2.zip\nsudo ./aws/install \n#KUBECTL\ncurl -o kubectl https://amazon-eks.s3.us-west-2.amazonaws.com/1.15.10/2020-02-22/bin/linux/amd64/kubectl\ncurl -o kubectl.sha256 https://amazon-eks.s3.us-west-2.amazonaws.com/1.15.10/2020-02-22/bin/linux/amd64/kubectl.sha256\nopenssl sha1 -sha256 kubectl\nchmod +x ./kubectl\nmkdir -p $HOME/bin \u0026\u0026 cp ./kubectl $HOME/bin/kubectl \u0026\u0026 export PATH=$PATH:$HOME/bin\necho 'export PATH=$PATH:$HOME/bin' \u003e\u003e ~/.bashrc\nkubectl version --short --client\n\n",
            "template": "#!/bin/bash\nsudo apt update \u0026\u0026 sudo apt upgrade -y\nsudo apt install openjdk-8-jdk -y\n#JENKINS:\nwget -q -O - https://pkg.jenkins.io/debian/jenkins.io.key | sudo apt-key add -\nsudo sh -c 'echo deb https://pkg.jenkins.io/debian binary/ \u003e /etc/apt/sources.list.d/jenkins.list'\nsudo apt-get update\nsudo apt-get install jenkins -y\n#AWS-CLI\ncurl \"https://awscli.amazonaws.com/awscli-exe-linux-x86_64.zip\" -o \"awscliv2.zip\"\nsudo apt install unzip -y\nunzip awscliv2.zip\nsudo ./aws/install \n#KUBECTL\ncurl -o kubectl https://amazon-eks.s3.us-west-2.amazonaws.com/1.15.10/2020-02-22/bin/linux/amd64/kubectl\ncurl -o kubectl.sha256 https://amazon-eks.s3.us-west-2.amazonaws.com/1.15.10/2020-02-22/bin/linux/amd64/kubectl.sha256\nopenssl sha1 -sha256 kubectl\nchmod +x ./kubectl\nmkdir -p $HOME/bin \u0026\u0026 cp ./kubectl $HOME/bin/kubectl \u0026\u0026 export PATH=$PATH:$HOME/bin\necho 'export PATH=$PATH:$HOME/bin' \u003e\u003e ~/.bashrc\nkubectl version --short --client\n\n",
            "vars": null
          }
        }
      ]
    },
    {
      "module": "module.eks_deployment",
      "mode": "managed",
      "type": "aws_eks_cluster",
      "name": "group2-eks",
      "provider": "module.eks_deployment.provider.aws",
      "instances": [
        {
          "schema_version": 0,
          "attributes": {
            "arn": "arn:aws:eks:eu-west-2:494568794072:cluster/group2-eks",
            "certificate_authority": [
              {
                "data": "LS0tLS1CRUdJTiBDRVJUSUZJQ0FURS0tLS0tCk1JSUN5RENDQWJDZ0F3SUJBZ0lCQURBTkJna3Foa2lHOXcwQkFRc0ZBREFWTVJNd0VRWURWUVFERXdwcmRXSmwKY201bGRHVnpNQjRYRFRJd01EVXdOVEUxTkRrd05sb1hEVE13TURVd016RTFORGt3Tmxvd0ZURVRNQkVHQTFVRQpBeE1LYTNWaVpYSnVaWFJsY3pDQ0FTSXdEUVlKS29aSWh2Y05BUUVCQlFBRGdnRVBBRENDQVFvQ2dnRUJBTW55CmZCV3VVQWpDMWZJNTlQeHVrd1EzTysvQnA4ZjN5SEM2cmpHdzVqTU14SC9Hc3NCR09KTFRqN1dCajEwaG0vTFkKWnYzcXU1UGo0N0Y5aU8rUHJwWnRYRXA3dzdtc095TjIycXl4dU5aUEYxTjgvZmRjejlMT0xYS3RnbGtUZWRELwpFN1A3LzFHRkZNTDBwbjJpK2tNMVlVNFU3SVBaR1dFODdqb3daWG41ckY4QVdNUmRhcmI4YVoyeDBaL21Pa3RyCkRXd2JIdDh1N2ZSLzJkSUxwdXorYzNKakh6RnNUdmtTdHdFS3c3YjhrT0xpNld5dS9XTUV5aHE2U3RQdVZKeFMKc3FZL21uUXk1QXlkVDFoeEFGdXgwVWVpY1FOMFJuVnd0ZXIrRE02UmhkK1Rld1RWVjBuVk53bE1uN2dEWEM5NAptbUxWQy8xM0plV2VTQzZ0aTVNQ0F3RUFBYU1qTUNFd0RnWURWUjBQQVFIL0JBUURBZ0trTUE4R0ExVWRFd0VCCi93UUZNQU1CQWY4d0RRWUpLb1pJaHZjTkFRRUxCUUFEZ2dFQkFKTkVucTRUZElGVlA3RUNseGtXeTBDckVkLzQKRm1CaXRlUEk5Y0Y3UFEvY3V5WU1sbEpVN0QxbmFPQ1hHRnRuSU1taXZwWjhndk9lM1FPcUs3RzRxYWFURUJ6YQpnVUFCb0wxNzVpRHRZbTJyTWlMZjZxZGJ5ZUtHNEtEOGx2QXE2UU9IZ21DK2FWWTBja0g2bjJSUVRkQ1dmc1VMCjB2Wkg1NHlxQ3BsYVVyTEhJRytYZWY1aGlhalByMFJNVjIvTEpiWFplRTAzS0dzdTN2RzRRNUIxUU5aamNwR0gKWXg1QjJWQk4yRVRNL1l3aFJmZC9KYTNqZFAvK2NOdjM3NDN0aVpOS0Mxb2FSbjB6bS81VGxpMFdaaTdvcEVzTApYakN5L25wS0R4d0xIS1dOK3YwVXJCbzFobkY4YXBFUlI2UEJiSllhNGc0Wnl1YW5xem44R2p0Vks4ST0KLS0tLS1FTkQgQ0VSVElGSUNBVEUtLS0tLQo="
              }
            ],
            "created_at": "2020-05-05 15:41:53 +0000 UTC",
            "enabled_cluster_log_types": null,
            "encryption_config": [],
            "endpoint": "https://6D16332EB394E5E438A6DECDC3775807.yl4.eu-west-2.eks.amazonaws.com",
            "id": "group2-eks",
            "identity": [
              {
                "oidc": [
                  {
                    "issuer": "https://oidc.eks.eu-west-2.amazonaws.com/id/6D16332EB394E5E438A6DECDC3775807"
                  }
                ]
              }
            ],
            "name": "group2-eks",
            "platform_version": "eks.2",
            "role_arn": "arn:aws:iam::494568794072:role/eksrole",
            "status": "ACTIVE",
            "tags": null,
            "timeouts": null,
            "version": "1.15",
            "vpc_config": [
              {
                "cluster_security_group_id": "sg-0d6e1ed8525edaca4",
                "endpoint_private_access": false,
                "endpoint_public_access": true,
                "public_access_cidrs": [
                  "0.0.0.0/0"
                ],
                "security_group_ids": [
                  "sg-0e32d10d79fd8542e"
                ],
                "subnet_ids": [
                  "subnet-043dee4bdd5c2c846",
                  "subnet-0af68a1e690cb8391"
                ],
                "vpc_id": "vpc-04ab613a825425997"
              }
            ]
          },
          "private": "eyJlMmJmYjczMC1lY2FhLTExZTYtOGY4OC0zNDM2M2JjN2M0YzAiOnsiY3JlYXRlIjoxODAwMDAwMDAwMDAwLCJkZWxldGUiOjkwMDAwMDAwMDAwMCwidXBkYXRlIjozNjAwMDAwMDAwMDAwfX0=",
          "dependencies": [
            "module.eks_deployment.aws_iam_role.eksrole",
            "module.eks_deployment.aws_iam_role_policy_attachment.AWS_EKSClusterPolicy",
            "module.eks_deployment.aws_iam_role_policy_attachment.AWS_EKSServicePolicy",
            "module.sg_deployment.aws_security_group.group2-sg",
            "module.vpc_deployment.aws_subnet.group2-sub-live",
            "module.vpc_deployment.aws_subnet.group2-sub-live2",
            "module.vpc_deployment.aws_vpc.group2-vpc"
          ]
        }
      ]
    },
    {
      "module": "module.eks_deployment",
      "mode": "managed",
      "type": "aws_eks_node_group",
      "name": "group2_eks_nodegrp",
      "provider": "module.eks_deployment.provider.aws",
      "instances": [
        {
          "schema_version": 0,
          "attributes": {
            "ami_type": "AL2_x86_64",
            "arn": "arn:aws:eks:eu-west-2:494568794072:nodegroup/group2-eks/g2_node_groups/b2b8f2c4-846f-3cb9-5f06-bc9345370f7f",
            "cluster_name": "group2-eks",
            "disk_size": 20,
            "id": "group2-eks:g2_node_groups",
            "instance_types": [
              "t3.small"
            ],
            "labels": null,
            "node_group_name": "g2_node_groups",
            "node_role_arn": "arn:aws:iam::494568794072:role/eksrole_node",
            "release_version": "1.15.10-20200228",
            "remote_access": [],
            "resources": [
              {
                "autoscaling_groups": [
                  {
                    "name": "eks-b2b8f2c4-846f-3cb9-5f06-bc9345370f7f"
                  }
                ],
                "remote_access_security_group_id": ""
              }
            ],
            "scaling_config": [
              {
                "desired_size": 1,
                "max_size": 3,
                "min_size": 1
              }
            ],
            "status": "ACTIVE",
            "subnet_ids": [
              "subnet-043dee4bdd5c2c846",
              "subnet-0af68a1e690cb8391"
            ],
            "tags": null,
            "timeouts": null,
            "version": "1.15"
          },
          "private": "eyJlMmJmYjczMC1lY2FhLTExZTYtOGY4OC0zNDM2M2JjN2M0YzAiOnsiY3JlYXRlIjozNjAwMDAwMDAwMDAwLCJkZWxldGUiOjM2MDAwMDAwMDAwMDAsInVwZGF0ZSI6MzYwMDAwMDAwMDAwMH19",
          "dependencies": [
            "module.eks_deployment.aws_eks_cluster.group2-eks",
            "module.eks_deployment.aws_iam_role.eksrole",
            "module.eks_deployment.aws_iam_role.eksrole_node",
            "module.eks_deployment.aws_iam_role_policy_attachment.AWS_EC2ContainerRegistryReadOnly",
            "module.eks_deployment.aws_iam_role_policy_attachment.AWS_EKSClusterPolicy",
            "module.eks_deployment.aws_iam_role_policy_attachment.AWS_EKSServicePolicy",
            "module.eks_deployment.aws_iam_role_policy_attachment.AWS_EKSWorkerNodePolicy",
            "module.eks_deployment.aws_iam_role_policy_attachment.AWS_EKS_CNI_Policy",
            "module.sg_deployment.aws_security_group.group2-sg",
            "module.vpc_deployment.aws_subnet.group2-sub-live",
            "module.vpc_deployment.aws_subnet.group2-sub-live2",
            "module.vpc_deployment.aws_vpc.group2-vpc"
          ]
        }
      ]
    },
    {
      "module": "module.eks_deployment",
      "mode": "managed",
      "type": "aws_iam_role",
      "name": "eksrole",
      "provider": "module.eks_deployment.provider.aws",
      "instances": [
        {
          "schema_version": 0,
          "attributes": {
            "arn": "arn:aws:iam::494568794072:role/eksrole",
            "assume_role_policy": "{\"Version\":\"2012-10-17\",\"Statement\":[{\"Effect\":\"Allow\",\"Principal\":{\"Service\":\"eks.amazonaws.com\"},\"Action\":\"sts:AssumeRole\"}]}",
            "create_date": "2020-05-05T15:41:50Z",
            "description": "",
            "force_detach_policies": false,
            "id": "eksrole",
            "max_session_duration": 3600,
            "name": "eksrole",
            "name_prefix": null,
            "path": "/",
            "permissions_boundary": null,
            "tags": null,
            "unique_id": "AROAXGJUY47MKQD2M2EKB"
          },
          "private": "bnVsbA=="
        }
      ]
    },
    {
      "module": "module.eks_deployment",
      "mode": "managed",
      "type": "aws_iam_role",
      "name": "eksrole_node",
      "provider": "module.eks_deployment.provider.aws",
      "instances": [
        {
          "schema_version": 0,
          "attributes": {
            "arn": "arn:aws:iam::494568794072:role/eksrole_node",
            "assume_role_policy": "{\"Version\":\"2012-10-17\",\"Statement\":[{\"Effect\":\"Allow\",\"Principal\":{\"Service\":\"ec2.amazonaws.com\"},\"Action\":\"sts:AssumeRole\"}]}",
            "create_date": "2020-05-05T15:41:50Z",
            "description": "",
            "force_detach_policies": false,
            "id": "eksrole_node",
            "max_session_duration": 3600,
            "name": "eksrole_node",
            "name_prefix": null,
            "path": "/",
            "permissions_boundary": null,
            "tags": null,
            "unique_id": "AROAXGJUY47MPL2BH6FNK"
          },
          "private": "bnVsbA=="
        }
      ]
    },
    {
      "module": "module.eks_deployment",
      "mode": "managed",
      "type": "aws_iam_role_policy_attachment",
      "name": "AWS_EC2ContainerRegistryReadOnly",
      "provider": "module.eks_deployment.provider.aws",
      "instances": [
        {
          "schema_version": 0,
          "attributes": {
            "id": "eksrole_node-20200505154151003100000002",
            "policy_arn": "arn:aws:iam::aws:policy/AmazonEC2ContainerRegistryReadOnly",
            "role": "eksrole_node"
          },
          "private": "bnVsbA==",
          "dependencies": [
            "module.eks_deployment.aws_iam_role.eksrole_node"
          ]
        }
      ]
    },
    {
      "module": "module.eks_deployment",
      "mode": "managed",
      "type": "aws_iam_role_policy_attachment",
      "name": "AWS_EKSClusterPolicy",
      "provider": "module.eks_deployment.provider.aws",
      "instances": [
        {
          "schema_version": 0,
          "attributes": {
            "id": "eksrole-20200505154150990400000001",
            "policy_arn": "arn:aws:iam::aws:policy/AmazonEKSClusterPolicy",
            "role": "eksrole"
          },
          "private": "bnVsbA==",
          "dependencies": [
            "module.eks_deployment.aws_iam_role.eksrole"
          ]
        }
      ]
    },
    {
      "module": "module.eks_deployment",
      "mode": "managed",
      "type": "aws_iam_role_policy_attachment",
      "name": "AWS_EKSServicePolicy",
      "provider": "module.eks_deployment.provider.aws",
      "instances": [
        {
          "schema_version": 0,
          "attributes": {
            "id": "eksrole-20200505154151013700000004",
            "policy_arn": "arn:aws:iam::aws:policy/AmazonEKSServicePolicy",
            "role": "eksrole"
          },
          "private": "bnVsbA==",
          "dependencies": [
            "module.eks_deployment.aws_iam_role.eksrole"
          ]
        }
      ]
    },
    {
      "module": "module.eks_deployment",
      "mode": "managed",
      "type": "aws_iam_role_policy_attachment",
      "name": "AWS_EKSWorkerNodePolicy",
      "provider": "module.eks_deployment.provider.aws",
      "instances": [
        {
          "schema_version": 0,
          "attributes": {
            "id": "eksrole_node-20200505154151012700000003",
            "policy_arn": "arn:aws:iam::aws:policy/AmazonEKSWorkerNodePolicy",
            "role": "eksrole_node"
          },
          "private": "bnVsbA==",
          "dependencies": [
            "module.eks_deployment.aws_iam_role.eksrole_node"
          ]
        }
      ]
    },
    {
      "module": "module.eks_deployment",
      "mode": "managed",
      "type": "aws_iam_role_policy_attachment",
      "name": "AWS_EKS_CNI_Policy",
      "provider": "module.eks_deployment.provider.aws",
      "instances": [
        {
          "schema_version": 0,
          "attributes": {
            "id": "eksrole_node-20200505154151013900000005",
            "policy_arn": "arn:aws:iam::aws:policy/AmazonEKS_CNI_Policy",
            "role": "eksrole_node"
          },
          "private": "bnVsbA==",
          "dependencies": [
            "module.eks_deployment.aws_iam_role.eksrole_node"
          ]
        }
      ]
    },
    {
      "module": "module.jenkins_deployment",
      "mode": "managed",
      "type": "aws_instance",
      "name": "jenkins_instance",
      "provider": "provider.aws",
      "instances": [
        {
          "schema_version": 1,
          "attributes": {
            "ami": "ami-0917237b4e71c5759",
            "arn": "arn:aws:ec2:eu-west-2:494568794072:instance/i-0e8ab0f0015658869",
            "associate_public_ip_address": true,
            "availability_zone": "eu-west-2b",
            "cpu_core_count": 2,
            "cpu_threads_per_core": 1,
            "credit_specification": [
              {
                "cpu_credits": "standard"
              }
            ],
            "disable_api_termination": false,
            "ebs_block_device": [],
            "ebs_optimized": false,
            "ephemeral_block_device": [],
            "get_password_data": false,
            "hibernation": false,
            "host_id": null,
            "iam_instance_profile": "",
            "id": "i-0e8ab0f0015658869",
            "instance_initiated_shutdown_behavior": null,
            "instance_state": "running",
            "instance_type": "t2.medium",
            "ipv6_address_count": 0,
            "ipv6_addresses": [],
            "key_name": "group2",
            "metadata_options": [
              {
                "http_endpoint": "enabled",
                "http_put_response_hop_limit": 1,
                "http_tokens": "optional"
              }
            ],
            "monitoring": false,
            "network_interface": [],
            "network_interface_id": null,
            "outpost_arn": "",
            "password_data": "",
            "placement_group": "",
            "primary_network_interface_id": "eni-08a528f47d5aedc6e",
            "private_dns": "ip-10-10-1-176.eu-west-2.compute.internal",
            "private_ip": "10.10.1.176",
            "public_dns": "ec2-3-8-194-86.eu-west-2.compute.amazonaws.com",
            "public_ip": "3.8.194.86",
            "root_block_device": [
              {
                "delete_on_termination": true,
                "device_name": "/dev/sda1",
                "encrypted": false,
                "iops": 100,
                "kms_key_id": "",
                "volume_id": "vol-0860b1d8a150e7803",
                "volume_size": 8,
                "volume_type": "gp2"
              }
            ],
            "security_groups": [],
            "source_dest_check": true,
            "subnet_id": "subnet-0af68a1e690cb8391",
            "tags": null,
            "tenancy": "default",
            "timeouts": null,
            "user_data": "fc04e782b212d32727eba6ed7ae3db90cfdb55ef",
            "user_data_base64": null,
            "volume_tags": {},
            "vpc_security_group_ids": [
              "sg-09d107981094fe27d"
            ]
          },
          "private": "eyJlMmJmYjczMC1lY2FhLTExZTYtOGY4OC0zNDM2M2JjN2M0YzAiOnsiY3JlYXRlIjo2MDAwMDAwMDAwMDAsImRlbGV0ZSI6MTIwMDAwMDAwMDAwMCwidXBkYXRlIjo2MDAwMDAwMDAwMDB9LCJzY2hlbWFfdmVyc2lvbiI6IjEifQ==",
          "dependencies": [
            "module.sg_deployment.aws_security_group.jenkins-sg",
            "module.vpc_deployment.aws_subnet.group2-sub-live",
            "module.vpc_deployment.aws_vpc.group2-vpc"
          ]
        }
      ]
    },
    {
      "module": "module.jenkins_deployment",
      "mode": "managed",
      "type": "aws_instance",
      "name": "test_instance",
      "provider": "provider.aws",
      "instances": [
        {
          "schema_version": 1,
          "attributes": {
            "ami": "ami-0917237b4e71c5759",
            "arn": "arn:aws:ec2:eu-west-2:494568794072:instance/i-0a5eb0f131cbf4c0b",
            "associate_public_ip_address": true,
            "availability_zone": "eu-west-2c",
            "cpu_core_count": 1,
            "cpu_threads_per_core": 2,
            "credit_specification": [
              {
                "cpu_credits": "unlimited"
              }
            ],
            "disable_api_termination": false,
            "ebs_block_device": [],
            "ebs_optimized": false,
            "ephemeral_block_device": [],
            "get_password_data": false,
            "hibernation": false,
            "host_id": null,
            "iam_instance_profile": "",
            "id": "i-0a5eb0f131cbf4c0b",
            "instance_initiated_shutdown_behavior": null,
            "instance_state": "running",
            "instance_type": "t3.small",
            "ipv6_address_count": 0,
            "ipv6_addresses": [],
            "key_name": "group2",
            "metadata_options": [
              {
                "http_endpoint": "enabled",
                "http_put_response_hop_limit": 1,
                "http_tokens": "optional"
              }
            ],
            "monitoring": false,
            "network_interface": [],
            "network_interface_id": null,
            "outpost_arn": "",
            "password_data": "",
            "placement_group": "",
            "primary_network_interface_id": "eni-003b3aaaec34e5866",
            "private_dns": "ip-10-10-2-182.eu-west-2.compute.internal",
            "private_ip": "10.10.2.182",
            "public_dns": "ec2-3-11-81-35.eu-west-2.compute.amazonaws.com",
            "public_ip": "3.11.81.35",
            "root_block_device": [
              {
                "delete_on_termination": true,
                "device_name": "/dev/sda1",
                "encrypted": false,
                "iops": 100,
                "kms_key_id": "",
                "volume_id": "vol-08bf79498dcf8e0d2",
                "volume_size": 8,
                "volume_type": "gp2"
              }
            ],
            "security_groups": [],
            "source_dest_check": true,
            "subnet_id": "subnet-0d2486910f5fc8302",
            "tags": null,
            "tenancy": "default",
            "timeouts": null,
            "user_data": null,
            "user_data_base64": null,
            "volume_tags": {},
            "vpc_security_group_ids": [
              "sg-0e32d10d79fd8542e"
            ]
          },
          "private": "eyJlMmJmYjczMC1lY2FhLTExZTYtOGY4OC0zNDM2M2JjN2M0YzAiOnsiY3JlYXRlIjo2MDAwMDAwMDAwMDAsImRlbGV0ZSI6MTIwMDAwMDAwMDAwMCwidXBkYXRlIjo2MDAwMDAwMDAwMDB9LCJzY2hlbWFfdmVyc2lvbiI6IjEifQ==",
          "dependencies": [
            "module.sg_deployment.aws_security_group.group2-sg",
            "module.vpc_deployment.aws_subnet.group2-sub-test",
            "module.vpc_deployment.aws_vpc.group2-vpc"
          ]
        }
      ]
    },
    {
      "module": "module.vpc_deployment",
      "mode": "managed",
      "type": "aws_internet_gateway",
      "name": "group2-igw",
      "provider": "provider.aws",
      "instances": [
        {
          "schema_version": 0,
          "attributes": {
            "id": "igw-0561232d1f899fefc",
            "owner_id": "494568794072",
            "tags": null,
            "vpc_id": "vpc-04ab613a825425997"
          },
          "private": "bnVsbA==",
          "dependencies": [
            "module.vpc_deployment.aws_vpc.group2-vpc"
          ]
        }
      ]
    },
    {
      "module": "module.vpc_deployment",
      "mode": "managed",
      "type": "aws_main_route_table_association",
      "name": "group2-rt-main",
      "provider": "provider.aws",
      "instances": [
        {
          "schema_version": 0,
          "attributes": {
            "id": "rtbassoc-0c9da91c08c3c9a16",
            "original_route_table_id": "rtb-0dde4dec3ecd2781d",
            "route_table_id": "rtb-08b0dd9d73d2cf7ef",
            "vpc_id": "vpc-04ab613a825425997"
          },
          "private": "bnVsbA==",
          "dependencies": [
            "module.vpc_deployment.aws_internet_gateway.group2-igw",
            "module.vpc_deployment.aws_route_table.group2-rt",
            "module.vpc_deployment.aws_vpc.group2-vpc"
          ]
        }
      ]
    },
    {
      "module": "module.vpc_deployment",
      "mode": "managed",
      "type": "aws_route_table",
      "name": "group2-rt",
      "provider": "provider.aws",
      "instances": [
        {
          "schema_version": 0,
          "attributes": {
            "id": "rtb-08b0dd9d73d2cf7ef",
            "owner_id": "494568794072",
            "propagating_vgws": [],
            "route": [
              {
                "cidr_block": "0.0.0.0/0",
                "egress_only_gateway_id": "",
                "gateway_id": "igw-0561232d1f899fefc",
                "instance_id": "",
                "ipv6_cidr_block": "",
                "nat_gateway_id": "",
                "network_interface_id": "",
                "transit_gateway_id": "",
                "vpc_peering_connection_id": ""
              }
            ],
            "tags": null,
            "vpc_id": "vpc-04ab613a825425997"
          },
          "private": "bnVsbA==",
          "dependencies": [
            "module.vpc_deployment.aws_internet_gateway.group2-igw",
            "module.vpc_deployment.aws_vpc.group2-vpc"
          ]
        }
      ]
    },
    {
      "module": "module.vpc_deployment",
      "mode": "managed",
      "type": "aws_route_table_association",
      "name": "group2-live-rta",
      "provider": "provider.aws",
      "instances": [
        {
          "schema_version": 0,
          "attributes": {
            "gateway_id": null,
            "id": "rtbassoc-005146df5652572c1",
            "route_table_id": "rtb-08b0dd9d73d2cf7ef",
            "subnet_id": "subnet-0af68a1e690cb8391"
          },
          "private": "bnVsbA==",
          "dependencies": [
            "module.vpc_deployment.aws_internet_gateway.group2-igw",
            "module.vpc_deployment.aws_route_table.group2-rt",
            "module.vpc_deployment.aws_subnet.group2-sub-live",
            "module.vpc_deployment.aws_vpc.group2-vpc"
          ]
        }
      ]
    },
    {
      "module": "module.vpc_deployment",
      "mode": "managed",
      "type": "aws_route_table_association",
      "name": "group2-test-rta",
      "provider": "provider.aws",
      "instances": [
        {
          "schema_version": 0,
          "attributes": {
            "gateway_id": null,
            "id": "rtbassoc-06fa68ead4030cadd",
            "route_table_id": "rtb-08b0dd9d73d2cf7ef",
            "subnet_id": "subnet-0d2486910f5fc8302"
          },
          "private": "bnVsbA==",
          "dependencies": [
            "module.vpc_deployment.aws_internet_gateway.group2-igw",
            "module.vpc_deployment.aws_route_table.group2-rt",
            "module.vpc_deployment.aws_subnet.group2-sub-test",
            "module.vpc_deployment.aws_vpc.group2-vpc"
          ]
        }
      ]
    },
    {
      "module": "module.sg_deployment",
      "mode": "managed",
      "type": "aws_security_group",
      "name": "group2-sg",
      "provider": "provider.aws",
      "instances": [
        {
          "schema_version": 1,
          "attributes": {
            "arn": "arn:aws:ec2:eu-west-2:494568794072:security-group/sg-0e32d10d79fd8542e",
            "description": "Managed by Terraform",
            "egress": [
              {
                "cidr_blocks": [
                  "0.0.0.0/0"
                ],
                "description": "",
                "from_port": 0,
                "ipv6_cidr_blocks": [],
                "prefix_list_ids": [],
                "protocol": "-1",
                "security_groups": [],
                "self": false,
                "to_port": 0
              }
            ],
            "id": "sg-0e32d10d79fd8542e",
            "ingress": [
              {
                "cidr_blocks": [
                  "0.0.0.0/0"
                ],
                "description": "",
                "from_port": 4200,
                "ipv6_cidr_blocks": [],
                "prefix_list_ids": [],
                "protocol": "tcp",
                "security_groups": [],
                "self": false,
                "to_port": 4200
              },
              {
                "cidr_blocks": [
                  "0.0.0.0/0"
                ],
                "description": "",
                "from_port": 80,
                "ipv6_cidr_blocks": [],
                "prefix_list_ids": [],
                "protocol": "tcp",
                "security_groups": [],
                "self": false,
                "to_port": 80
              },
              {
                "cidr_blocks": [
                  "0.0.0.0/0"
                ],
                "description": "",
                "from_port": 9966,
                "ipv6_cidr_blocks": [],
                "prefix_list_ids": [],
                "protocol": "tcp",
                "security_groups": [],
                "self": false,
                "to_port": 9966
              }
            ],
            "name": "group2-sg",
            "name_prefix": null,
            "owner_id": "494568794072",
            "revoke_rules_on_delete": false,
            "tags": null,
            "timeouts": null,
            "vpc_id": "vpc-04ab613a825425997"
          },
          "private": "eyJlMmJmYjczMC1lY2FhLTExZTYtOGY4OC0zNDM2M2JjN2M0YzAiOnsiY3JlYXRlIjo2MDAwMDAwMDAwMDAsImRlbGV0ZSI6NjAwMDAwMDAwMDAwfSwic2NoZW1hX3ZlcnNpb24iOiIxIn0=",
          "dependencies": [
            "module.vpc_deployment.aws_vpc.group2-vpc"
          ]
        }
      ]
    },
    {
      "module": "module.sg_deployment",
      "mode": "managed",
      "type": "aws_security_group",
      "name": "jenkins-sg",
      "provider": "provider.aws",
      "instances": [
        {
          "schema_version": 1,
          "attributes": {
            "arn": "arn:aws:ec2:eu-west-2:494568794072:security-group/sg-09d107981094fe27d",
            "description": "Managed by Terraform",
            "egress": [
              {
                "cidr_blocks": [
                  "0.0.0.0/0"
                ],
                "description": "",
                "from_port": 0,
                "ipv6_cidr_blocks": [],
                "prefix_list_ids": [],
                "protocol": "-1",
                "security_groups": [],
                "self": false,
                "to_port": 0
              }
            ],
            "id": "sg-09d107981094fe27d",
            "ingress": [
              {
                "cidr_blocks": [
                  "0.0.0.0/0"
                ],
                "description": "",
                "from_port": 22,
                "ipv6_cidr_blocks": [],
                "prefix_list_ids": [],
                "protocol": "tcp",
                "security_groups": [],
                "self": false,
                "to_port": 22
              },
              {
                "cidr_blocks": [
                  "0.0.0.0/0"
                ],
                "description": "",
                "from_port": 4200,
                "ipv6_cidr_blocks": [],
                "prefix_list_ids": [],
                "protocol": "tcp",
                "security_groups": [],
                "self": false,
                "to_port": 4200
              },
              {
                "cidr_blocks": [
                  "0.0.0.0/0"
                ],
                "description": "",
                "from_port": 8080,
                "ipv6_cidr_blocks": [],
                "prefix_list_ids": [],
                "protocol": "tcp",
                "security_groups": [],
                "self": false,
                "to_port": 8080
              },
              {
                "cidr_blocks": [
                  "0.0.0.0/0"
                ],
                "description": "",
                "from_port": 80,
                "ipv6_cidr_blocks": [],
                "prefix_list_ids": [],
                "protocol": "tcp",
                "security_groups": [],
                "self": false,
                "to_port": 80
              },
              {
                "cidr_blocks": [
                  "0.0.0.0/0"
                ],
                "description": "",
                "from_port": 9966,
                "ipv6_cidr_blocks": [],
                "prefix_list_ids": [],
                "protocol": "tcp",
                "security_groups": [],
                "self": false,
                "to_port": 9966
              }
            ],
            "name": "jenkins-sg",
            "name_prefix": null,
            "owner_id": "494568794072",
            "revoke_rules_on_delete": false,
            "tags": null,
            "timeouts": null,
            "vpc_id": "vpc-04ab613a825425997"
          },
          "private": "eyJlMmJmYjczMC1lY2FhLTExZTYtOGY4OC0zNDM2M2JjN2M0YzAiOnsiY3JlYXRlIjo2MDAwMDAwMDAwMDAsImRlbGV0ZSI6NjAwMDAwMDAwMDAwfSwic2NoZW1hX3ZlcnNpb24iOiIxIn0=",
          "dependencies": [
            "module.vpc_deployment.aws_vpc.group2-vpc"
          ]
        }
      ]
    },
    {
      "module": "module.vpc_deployment",
      "mode": "managed",
      "type": "aws_subnet",
      "name": "group2-sub-live",
      "provider": "provider.aws",
      "instances": [
        {
          "schema_version": 1,
          "attributes": {
            "arn": "arn:aws:ec2:eu-west-2:494568794072:subnet/subnet-0af68a1e690cb8391",
            "assign_ipv6_address_on_creation": false,
            "availability_zone": "eu-west-2b",
            "availability_zone_id": "euw2-az3",
            "cidr_block": "10.10.1.0/24",
            "id": "subnet-0af68a1e690cb8391",
            "ipv6_cidr_block": "",
            "ipv6_cidr_block_association_id": "",
            "map_public_ip_on_launch": true,
            "outpost_arn": "",
            "owner_id": "494568794072",
            "tags": null,
            "timeouts": null,
            "vpc_id": "vpc-04ab613a825425997"
          },
          "private": "eyJlMmJmYjczMC1lY2FhLTExZTYtOGY4OC0zNDM2M2JjN2M0YzAiOnsiY3JlYXRlIjo2MDAwMDAwMDAwMDAsImRlbGV0ZSI6MTIwMDAwMDAwMDAwMH0sInNjaGVtYV92ZXJzaW9uIjoiMSJ9",
          "dependencies": [
            "module.vpc_deployment.aws_vpc.group2-vpc"
          ]
        }
      ]
    },
    {
      "module": "module.vpc_deployment",
      "mode": "managed",
      "type": "aws_subnet",
      "name": "group2-sub-live2",
      "provider": "provider.aws",
      "instances": [
        {
          "schema_version": 1,
          "attributes": {
            "arn": "arn:aws:ec2:eu-west-2:494568794072:subnet/subnet-043dee4bdd5c2c846",
            "assign_ipv6_address_on_creation": false,
            "availability_zone": "eu-west-2c",
            "availability_zone_id": "euw2-az1",
            "cidr_block": "10.10.3.0/24",
            "id": "subnet-043dee4bdd5c2c846",
            "ipv6_cidr_block": "",
            "ipv6_cidr_block_association_id": "",
            "map_public_ip_on_launch": true,
            "outpost_arn": "",
            "owner_id": "494568794072",
            "tags": null,
            "timeouts": null,
            "vpc_id": "vpc-04ab613a825425997"
          },
          "private": "eyJlMmJmYjczMC1lY2FhLTExZTYtOGY4OC0zNDM2M2JjN2M0YzAiOnsiY3JlYXRlIjo2MDAwMDAwMDAwMDAsImRlbGV0ZSI6MTIwMDAwMDAwMDAwMH0sInNjaGVtYV92ZXJzaW9uIjoiMSJ9",
          "dependencies": [
            "module.vpc_deployment.aws_vpc.group2-vpc"
          ]
        }
      ]
    },
    {
      "module": "module.vpc_deployment",
      "mode": "managed",
      "type": "aws_subnet",
      "name": "group2-sub-test",
      "provider": "provider.aws",
      "instances": [
        {
          "schema_version": 1,
          "attributes": {
            "arn": "arn:aws:ec2:eu-west-2:494568794072:subnet/subnet-0d2486910f5fc8302",
            "assign_ipv6_address_on_creation": false,
            "availability_zone": "eu-west-2c",
            "availability_zone_id": "euw2-az1",
            "cidr_block": "10.10.2.0/24",
            "id": "subnet-0d2486910f5fc8302",
            "ipv6_cidr_block": "",
            "ipv6_cidr_block_association_id": "",
            "map_public_ip_on_launch": true,
            "outpost_arn": "",
            "owner_id": "494568794072",
            "tags": null,
            "timeouts": null,
            "vpc_id": "vpc-04ab613a825425997"
          },
          "private": "eyJlMmJmYjczMC1lY2FhLTExZTYtOGY4OC0zNDM2M2JjN2M0YzAiOnsiY3JlYXRlIjo2MDAwMDAwMDAwMDAsImRlbGV0ZSI6MTIwMDAwMDAwMDAwMH0sInNjaGVtYV92ZXJzaW9uIjoiMSJ9",
          "dependencies": [
            "module.vpc_deployment.aws_vpc.group2-vpc"
          ]
        }
      ]
    },
    {
      "module": "module.vpc_deployment",
      "mode": "managed",
      "type": "aws_vpc",
      "name": "group2-vpc",
      "provider": "provider.aws",
      "instances": [
        {
          "schema_version": 1,
          "attributes": {
            "arn": "arn:aws:ec2:eu-west-2:494568794072:vpc/vpc-04ab613a825425997",
            "assign_generated_ipv6_cidr_block": false,
            "cidr_block": "10.10.0.0/16",
            "default_network_acl_id": "acl-0470b26cb926f5b59",
            "default_route_table_id": "rtb-0dde4dec3ecd2781d",
            "default_security_group_id": "sg-0f536dd1e94494d53",
            "dhcp_options_id": "dopt-4f164827",
            "enable_classiclink": null,
            "enable_classiclink_dns_support": null,
            "enable_dns_hostnames": true,
            "enable_dns_support": true,
            "id": "vpc-04ab613a825425997",
            "instance_tenancy": "default",
            "ipv6_association_id": "",
            "ipv6_cidr_block": "",
            "main_route_table_id": "rtb-0dde4dec3ecd2781d",
            "owner_id": "494568794072",
            "tags": null
          },
          "private": "eyJzY2hlbWFfdmVyc2lvbiI6IjEifQ=="
        }
      ]
    }
  ]
}
