{
  "version": 4,
  "terraform_version": "0.12.24",
  "serial": 419,
  "lineage": "3617cfac-0346-9d70-ae40-7194c622c0fa",
  "outputs": {},
  "resources": [
    {
      "module": "module.jenkins_deployment",
      "mode": "data",
      "type": "template_file",
      "name": "jenkins_install",
      "provider": "provider.template",
      "instances": [
        {
          "schema_version": 0,
          "attributes": {
            "filename": null,
            "id": "b090d11d516065608e54c4f092bdcffb51082f816479aace3b409356ebda2b23",
            "rendered": "#!/bin/bash\nsudo apt update \u0026\u0026 sudo apt upgrade -y\nsudo apt install openjdk-8-jdk -y\n#Jenkins:\nwget -q -O - https://pkg.jenkins.io/debian/jenkins.io.key | sudo apt-key add -\nsudo sh -c 'echo deb https://pkg.jenkins.io/debian binary/ \u003e /etc/apt/sources.list.d/jenkins.list'\nsudo apt-get update\nsudo apt-get install jenkins -y\n#AWS-CLI\ncurl \"https://awscli.amazonaws.com/awscli-exe-linux-x86_64.zip\" -o \"awscliv2.zip\"\nsudo apt install unzip -y\nsudo ./aws/install \nsleep 30\n",
            "template": "#!/bin/bash\nsudo apt update \u0026\u0026 sudo apt upgrade -y\nsudo apt install openjdk-8-jdk -y\n#Jenkins:\nwget -q -O - https://pkg.jenkins.io/debian/jenkins.io.key | sudo apt-key add -\nsudo sh -c 'echo deb https://pkg.jenkins.io/debian binary/ \u003e /etc/apt/sources.list.d/jenkins.list'\nsudo apt-get update\nsudo apt-get install jenkins -y\n#AWS-CLI\ncurl \"https://awscli.amazonaws.com/awscli-exe-linux-x86_64.zip\" -o \"awscliv2.zip\"\nsudo apt install unzip -y\nsudo ./aws/install \nsleep 30\n",
            "vars": null
          }
        }
      ]
    },
    {
      "module": "module.eks_deployment",
      "mode": "managed",
      "type": "aws_eks_cluster",
      "name": "group2-eks",
      "provider": "module.eks_deployment.provider.aws",
      "instances": [
        {
          "schema_version": 0,
          "attributes": {
            "arn": "arn:aws:eks:eu-west-2:494568794072:cluster/group2-eks",
            "certificate_authority": [
              {
                "data": "LS0tLS1CRUdJTiBDRVJUSUZJQ0FURS0tLS0tCk1JSUN5RENDQWJDZ0F3SUJBZ0lCQURBTkJna3Foa2lHOXcwQkFRc0ZBREFWTVJNd0VRWURWUVFERXdwcmRXSmwKY201bGRHVnpNQjRYRFRJd01EVXdNakUyTkRFME0xb1hEVE13TURRek1ERTJOREUwTTFvd0ZURVRNQkVHQTFVRQpBeE1LYTNWaVpYSnVaWFJsY3pDQ0FTSXdEUVlKS29aSWh2Y05BUUVCQlFBRGdnRVBBRENDQVFvQ2dnRUJBTEZFCmxtalExUXBSNjE2cG5ubUZDbmVkdTVsSXZTb1lJOWZ3VzJ2N2h1OGxJcE9tZXU2emREMUhlVTF0WGpYY3BxSU4KMlFWQ24zZnlMS3JFM3NvUllXZXRhMmlFTElZNTBXTzFHait2U2RWTmdzQ2YyV0Rlb0RpY0phZWYycGhzY0YvZApQQ2RJYXZkM1VWUXMvTjIzdGxURnpVSm5qakV1K2d4NzFoYlc1N09xU05OMFlLODBYY1A2R3FSTkh4R1dsak94CjhOeGp6YjlVRnlqSEhCRWY3alpmVWZBQWUxQUdreDRyRGpnZEs1dlc3YVhMOGx1SUYyMkhWUGtMc0R5QkJzRzgKSU4rSk9CL3NoQnIyelFGNGtkOXI3WVVaNmxYK0VjTmNSanowejgrN1RPQU1ZN0RLV2FVU0dTU1l4YndsTk02dQo1TXRJUnY5bFltNTVTaU5vNFRFQ0F3RUFBYU1qTUNFd0RnWURWUjBQQVFIL0JBUURBZ0trTUE4R0ExVWRFd0VCCi93UUZNQU1CQWY4d0RRWUpLb1pJaHZjTkFRRUxCUUFEZ2dFQkFBNS9BaGMyTk4yaERjQXRoOWNhc1c1eHdVSVgKWGtpeW1rWTRHOWIyWE1VMzVtR1NtYzBFSGlSbEVNaFJSVkZCOTViZ2cxSytVWUwwNzcyYmh3bSt1bCtVMFFLVgo4NDNjT3ErU3Fwd0VZVlRhZFdzVkRqeElhWnl1TU9kamNpT2xtOTZoaGxaZmVzUVlMNXNkbFNLc3dQRUsxMGdNCkNHVTQ1Z3FHd3lHVkVaUjRGaEZwTStDeEh0MVZ1MWk4c283djVFRXRzb1RvNlhHV0FNbllhcXlHaFZUcFpoeGEKL2VRMWVjOERUT2R1RWxneWJ6RkV0VWFwNmEwWG5IUFdqM0Jkd1pXR0RyK1hzTnZ1SVFYQkEwVlJyMWRRVWtraQp3NUh2a2RFM2RMZXBFcVdzTlZPYUlPV3pPU0x2Ui9uekRPVnh1Z3M2VGpQVm5HVVgwckgrZUNUbEsrTT0KLS0tLS1FTkQgQ0VSVElGSUNBVEUtLS0tLQo="
              }
            ],
            "created_at": "2020-05-02 16:34:23 +0000 UTC",
            "enabled_cluster_log_types": null,
            "encryption_config": [],
            "endpoint": "https://9F6EA2168BEDD433BDBCD86101DEE8AF.yl4.eu-west-2.eks.amazonaws.com",
            "id": "group2-eks",
            "identity": [
              {
                "oidc": [
                  {
                    "issuer": "https://oidc.eks.eu-west-2.amazonaws.com/id/9F6EA2168BEDD433BDBCD86101DEE8AF"
                  }
                ]
              }
            ],
            "name": "group2-eks",
            "platform_version": "eks.2",
            "role_arn": "arn:aws:iam::494568794072:role/eksrole",
            "status": "ACTIVE",
            "tags": null,
            "timeouts": null,
            "version": "1.15",
            "vpc_config": [
              {
                "cluster_security_group_id": "sg-0e53cd9e258a9e717",
                "endpoint_private_access": false,
                "endpoint_public_access": true,
                "public_access_cidrs": [
                  "0.0.0.0/0"
                ],
                "security_group_ids": [
                  "sg-0ed3ffe0afa13f57f"
                ],
                "subnet_ids": [
                  "subnet-00205c75239a2b535",
                  "subnet-0e9300c56daa09219"
                ],
                "vpc_id": "vpc-0146fe700c8b4117e"
              }
            ]
          },
          "private": "eyJlMmJmYjczMC1lY2FhLTExZTYtOGY4OC0zNDM2M2JjN2M0YzAiOnsiY3JlYXRlIjoxODAwMDAwMDAwMDAwLCJkZWxldGUiOjkwMDAwMDAwMDAwMCwidXBkYXRlIjozNjAwMDAwMDAwMDAwfX0=",
          "dependencies": [
            "module.eks_deployment.aws_iam_role.eksrole",
            "module.eks_deployment.aws_iam_role_policy_attachment.AWS_EKSClusterPolicy",
            "module.eks_deployment.aws_iam_role_policy_attachment.AWS_EKSServicePolicy",
            "module.sg_deployment.aws_security_group.group2-sg",
            "module.vpc_deployment.aws_subnet.group2-sub-live",
            "module.vpc_deployment.aws_subnet.group2-sub-live2",
            "module.vpc_deployment.aws_vpc.group2-vpc"
          ]
        }
      ]
    },
    {
      "module": "module.eks_deployment",
      "mode": "managed",
      "type": "aws_eks_node_group",
      "name": "group2_eks_nodegrp",
      "provider": "module.eks_deployment.provider.aws",
      "instances": [
        {
          "schema_version": 0,
          "attributes": {
            "ami_type": "AL2_x86_64",
            "arn": "arn:aws:eks:eu-west-2:494568794072:nodegroup/group2-eks/Pet_Clinic_Node_Groups/0ab8eb23-01c7-5229-4246-e06863c024b5",
            "cluster_name": "group2-eks",
            "disk_size": 20,
            "id": "group2-eks:Pet_Clinic_Node_Groups",
            "instance_types": [
              "t2.micro"
            ],
            "labels": null,
            "node_group_name": "Pet_Clinic_Node_Groups",
            "node_role_arn": "arn:aws:iam::494568794072:role/eksrole_node",
            "release_version": "1.15.10-20200228",
            "remote_access": [],
            "resources": [
              {
                "autoscaling_groups": [
                  {
                    "name": "eks-0ab8eb23-01c7-5229-4246-e06863c024b5"
                  }
                ],
                "remote_access_security_group_id": ""
              }
            ],
            "scaling_config": [
              {
                "desired_size": 1,
                "max_size": 3,
                "min_size": 1
              }
            ],
            "status": "ACTIVE",
            "subnet_ids": [
              "subnet-00205c75239a2b535",
              "subnet-0e9300c56daa09219"
            ],
            "tags": null,
            "timeouts": null,
            "version": "1.15"
          },
          "private": "eyJlMmJmYjczMC1lY2FhLTExZTYtOGY4OC0zNDM2M2JjN2M0YzAiOnsiY3JlYXRlIjozNjAwMDAwMDAwMDAwLCJkZWxldGUiOjM2MDAwMDAwMDAwMDAsInVwZGF0ZSI6MzYwMDAwMDAwMDAwMH19",
          "dependencies": [
            "module.eks_deployment.aws_eks_cluster.group2-eks",
            "module.eks_deployment.aws_iam_role.eksrole",
            "module.eks_deployment.aws_iam_role.eksrole_node",
            "module.eks_deployment.aws_iam_role_policy_attachment.AWS_EC2ContainerRegistryReadOnly",
            "module.eks_deployment.aws_iam_role_policy_attachment.AWS_EKSClusterPolicy",
            "module.eks_deployment.aws_iam_role_policy_attachment.AWS_EKSServicePolicy",
            "module.eks_deployment.aws_iam_role_policy_attachment.AWS_EKSWorkerNodePolicy",
            "module.eks_deployment.aws_iam_role_policy_attachment.AWS_EKS_CNI_Policy",
            "module.sg_deployment.aws_security_group.group2-sg",
            "module.vpc_deployment.aws_subnet.group2-sub-live",
            "module.vpc_deployment.aws_subnet.group2-sub-live2",
            "module.vpc_deployment.aws_vpc.group2-vpc"
          ]
        }
      ]
    },
    {
      "module": "module.eks_deployment",
      "mode": "managed",
      "type": "aws_iam_role",
      "name": "eksrole",
      "provider": "module.eks_deployment.provider.aws",
      "instances": [
        {
          "schema_version": 0,
          "attributes": {
            "arn": "arn:aws:iam::494568794072:role/eksrole",
            "assume_role_policy": "{\"Version\":\"2012-10-17\",\"Statement\":[{\"Effect\":\"Allow\",\"Principal\":{\"Service\":\"eks.amazonaws.com\"},\"Action\":\"sts:AssumeRole\"}]}",
            "create_date": "2020-05-02T16:34:20Z",
            "description": "",
            "force_detach_policies": false,
            "id": "eksrole",
            "max_session_duration": 3600,
            "name": "eksrole",
            "name_prefix": null,
            "path": "/",
            "permissions_boundary": null,
            "tags": null,
            "unique_id": "AROAXGJUY47MF6KTCLPPX"
          },
          "private": "bnVsbA=="
        }
      ]
    },
    {
      "module": "module.eks_deployment",
      "mode": "managed",
      "type": "aws_iam_role",
      "name": "eksrole_node",
      "provider": "module.eks_deployment.provider.aws",
      "instances": [
        {
          "schema_version": 0,
          "attributes": {
            "arn": "arn:aws:iam::494568794072:role/eksrole_node",
            "assume_role_policy": "{\"Version\":\"2012-10-17\",\"Statement\":[{\"Effect\":\"Allow\",\"Principal\":{\"Service\":\"ec2.amazonaws.com\"},\"Action\":\"sts:AssumeRole\"}]}",
            "create_date": "2020-05-02T16:34:20Z",
            "description": "",
            "force_detach_policies": false,
            "id": "eksrole_node",
            "max_session_duration": 3600,
            "name": "eksrole_node",
            "name_prefix": null,
            "path": "/",
            "permissions_boundary": null,
            "tags": null,
            "unique_id": "AROAXGJUY47MG4LXVDE3T"
          },
          "private": "bnVsbA=="
        }
      ]
    },
    {
      "module": "module.eks_deployment",
      "mode": "managed",
      "type": "aws_iam_role_policy_attachment",
      "name": "AWS_EC2ContainerRegistryReadOnly",
      "provider": "module.eks_deployment.provider.aws",
      "instances": [
        {
          "schema_version": 0,
          "attributes": {
            "id": "eksrole_node-20200502163421252600000002",
            "policy_arn": "arn:aws:iam::aws:policy/AmazonEC2ContainerRegistryReadOnly",
            "role": "eksrole_node"
          },
          "private": "bnVsbA==",
          "dependencies": [
            "module.eks_deployment.aws_iam_role.eksrole_node"
          ]
        }
      ]
    },
    {
      "module": "module.eks_deployment",
      "mode": "managed",
      "type": "aws_iam_role_policy_attachment",
      "name": "AWS_EKSClusterPolicy",
      "provider": "module.eks_deployment.provider.aws",
      "instances": [
        {
          "schema_version": 0,
          "attributes": {
            "id": "eksrole-20200502163421257200000004",
            "policy_arn": "arn:aws:iam::aws:policy/AmazonEKSClusterPolicy",
            "role": "eksrole"
          },
          "private": "bnVsbA==",
          "dependencies": [
            "module.eks_deployment.aws_iam_role.eksrole"
          ]
        }
      ]
    },
    {
      "module": "module.eks_deployment",
      "mode": "managed",
      "type": "aws_iam_role_policy_attachment",
      "name": "AWS_EKSServicePolicy",
      "provider": "module.eks_deployment.provider.aws",
      "instances": [
        {
          "schema_version": 0,
          "attributes": {
            "id": "eksrole-20200502163421280100000005",
            "policy_arn": "arn:aws:iam::aws:policy/AmazonEKSServicePolicy",
            "role": "eksrole"
          },
          "private": "bnVsbA==",
          "dependencies": [
            "module.eks_deployment.aws_iam_role.eksrole"
          ]
        }
      ]
    },
    {
      "module": "module.eks_deployment",
      "mode": "managed",
      "type": "aws_iam_role_policy_attachment",
      "name": "AWS_EKSWorkerNodePolicy",
      "provider": "module.eks_deployment.provider.aws",
      "instances": [
        {
          "schema_version": 0,
          "attributes": {
            "id": "eksrole_node-20200502163421243100000001",
            "policy_arn": "arn:aws:iam::aws:policy/AmazonEKSWorkerNodePolicy",
            "role": "eksrole_node"
          },
          "private": "bnVsbA==",
          "dependencies": [
            "module.eks_deployment.aws_iam_role.eksrole_node"
          ]
        }
      ]
    },
    {
      "module": "module.eks_deployment",
      "mode": "managed",
      "type": "aws_iam_role_policy_attachment",
      "name": "AWS_EKS_CNI_Policy",
      "provider": "module.eks_deployment.provider.aws",
      "instances": [
        {
          "schema_version": 0,
          "attributes": {
            "id": "eksrole_node-20200502163421253600000003",
            "policy_arn": "arn:aws:iam::aws:policy/AmazonEKS_CNI_Policy",
            "role": "eksrole_node"
          },
          "private": "bnVsbA==",
          "dependencies": [
            "module.eks_deployment.aws_iam_role.eksrole_node"
          ]
        }
      ]
    },
    {
      "module": "module.jenkins_deployment",
      "mode": "managed",
      "type": "aws_instance",
      "name": "jenkins_instance",
      "provider": "provider.aws",
      "instances": [
        {
          "schema_version": 1,
          "attributes": {
            "ami": "ami-0917237b4e71c5759",
            "arn": "arn:aws:ec2:eu-west-2:494568794072:instance/i-04d27e4bc1cc377cc",
            "associate_public_ip_address": true,
            "availability_zone": "eu-west-2a",
            "cpu_core_count": 1,
            "cpu_threads_per_core": 1,
            "credit_specification": [
              {
                "cpu_credits": "standard"
              }
            ],
            "disable_api_termination": false,
            "ebs_block_device": [],
            "ebs_optimized": false,
            "ephemeral_block_device": [],
            "get_password_data": false,
            "hibernation": false,
            "host_id": null,
            "iam_instance_profile": "",
            "id": "i-04d27e4bc1cc377cc",
            "instance_initiated_shutdown_behavior": null,
            "instance_state": "running",
            "instance_type": "t2.micro",
            "ipv6_address_count": 0,
            "ipv6_addresses": [],
            "key_name": "group2",
            "metadata_options": [
              {
                "http_endpoint": "enabled",
                "http_put_response_hop_limit": 1,
                "http_tokens": "optional"
              }
            ],
            "monitoring": false,
            "network_interface": [],
            "network_interface_id": null,
            "outpost_arn": "",
            "password_data": "",
            "placement_group": "",
            "primary_network_interface_id": "eni-0e9235dce2383bf7b",
            "private_dns": "ip-10-10-1-190.eu-west-2.compute.internal",
            "private_ip": "10.10.1.190",
            "public_dns": "ec2-52-56-39-252.eu-west-2.compute.amazonaws.com",
            "public_ip": "52.56.39.252",
            "root_block_device": [
              {
                "delete_on_termination": true,
                "device_name": "/dev/sda1",
                "encrypted": false,
                "iops": 100,
                "kms_key_id": "",
                "volume_id": "vol-0fb6e94e89498b7e4",
                "volume_size": 8,
                "volume_type": "gp2"
              }
            ],
            "security_groups": [],
            "source_dest_check": true,
            "subnet_id": "subnet-00205c75239a2b535",
            "tags": null,
            "tenancy": "default",
            "timeouts": null,
            "user_data": "30276f90d63bb0f3a31827d00d847dce505378fa",
            "user_data_base64": null,
            "volume_tags": {},
            "vpc_security_group_ids": [
              "sg-03172f2c1d5969ee1"
            ]
          },
          "private": "eyJlMmJmYjczMC1lY2FhLTExZTYtOGY4OC0zNDM2M2JjN2M0YzAiOnsiY3JlYXRlIjo2MDAwMDAwMDAwMDAsImRlbGV0ZSI6MTIwMDAwMDAwMDAwMCwidXBkYXRlIjo2MDAwMDAwMDAwMDB9LCJzY2hlbWFfdmVyc2lvbiI6IjEifQ==",
          "dependencies": [
            "module.sg_deployment.aws_security_group.jenkins-sg",
            "module.vpc_deployment.aws_subnet.group2-sub-live",
            "module.vpc_deployment.aws_vpc.group2-vpc"
          ]
        }
      ]
    },
    {
      "module": "module.jenkins_deployment",
      "mode": "managed",
      "type": "aws_instance",
      "name": "test_instance",
      "provider": "provider.aws",
      "instances": [
        {
          "schema_version": 1,
          "attributes": {
            "ami": "ami-0917237b4e71c5759",
            "arn": "arn:aws:ec2:eu-west-2:494568794072:instance/i-00700a469e43afca2",
            "associate_public_ip_address": true,
            "availability_zone": "eu-west-2b",
            "cpu_core_count": 1,
            "cpu_threads_per_core": 1,
            "credit_specification": [
              {
                "cpu_credits": "standard"
              }
            ],
            "disable_api_termination": false,
            "ebs_block_device": [],
            "ebs_optimized": false,
            "ephemeral_block_device": [],
            "get_password_data": false,
            "hibernation": false,
            "host_id": null,
            "iam_instance_profile": "",
            "id": "i-00700a469e43afca2",
            "instance_initiated_shutdown_behavior": null,
            "instance_state": "running",
            "instance_type": "t2.micro",
            "ipv6_address_count": 0,
            "ipv6_addresses": [],
            "key_name": "group2",
            "metadata_options": [
              {
                "http_endpoint": "enabled",
                "http_put_response_hop_limit": 1,
                "http_tokens": "optional"
              }
            ],
            "monitoring": false,
            "network_interface": [],
            "network_interface_id": null,
            "outpost_arn": "",
            "password_data": "",
            "placement_group": "",
            "primary_network_interface_id": "eni-002603d5d892b1d99",
            "private_dns": "ip-10-10-2-142.eu-west-2.compute.internal",
            "private_ip": "10.10.2.142",
            "public_dns": "ec2-3-10-208-214.eu-west-2.compute.amazonaws.com",
            "public_ip": "3.10.208.214",
            "root_block_device": [
              {
                "delete_on_termination": true,
                "device_name": "/dev/sda1",
                "encrypted": false,
                "iops": 100,
                "kms_key_id": "",
                "volume_id": "vol-0a8cbd73e3f6c0a26",
                "volume_size": 8,
                "volume_type": "gp2"
              }
            ],
            "security_groups": [],
            "source_dest_check": true,
            "subnet_id": "subnet-08aedf2e51d2b36c9",
            "tags": null,
            "tenancy": "default",
            "timeouts": null,
            "user_data": null,
            "user_data_base64": null,
            "volume_tags": {},
            "vpc_security_group_ids": [
              "sg-0ed3ffe0afa13f57f"
            ]
          },
          "private": "eyJlMmJmYjczMC1lY2FhLTExZTYtOGY4OC0zNDM2M2JjN2M0YzAiOnsiY3JlYXRlIjo2MDAwMDAwMDAwMDAsImRlbGV0ZSI6MTIwMDAwMDAwMDAwMCwidXBkYXRlIjo2MDAwMDAwMDAwMDB9LCJzY2hlbWFfdmVyc2lvbiI6IjEifQ==",
          "dependencies": [
            "module.sg_deployment.aws_security_group.group2-sg",
            "module.vpc_deployment.aws_subnet.group2-sub-test",
            "module.vpc_deployment.aws_vpc.group2-vpc"
          ]
        }
      ]
    },
    {
      "module": "module.vpc_deployment",
      "mode": "managed",
      "type": "aws_internet_gateway",
      "name": "group2-igw",
      "provider": "provider.aws",
      "instances": [
        {
          "schema_version": 0,
          "attributes": {
            "id": "igw-0e898187ce4bfdc1f",
            "owner_id": "494568794072",
            "tags": null,
            "vpc_id": "vpc-0146fe700c8b4117e"
          },
          "private": "bnVsbA==",
          "dependencies": [
            "module.vpc_deployment.aws_vpc.group2-vpc"
          ]
        }
      ]
    },
    {
      "module": "module.vpc_deployment",
      "mode": "managed",
      "type": "aws_main_route_table_association",
      "name": "group2-rt-main",
      "provider": "provider.aws",
      "instances": [
        {
          "schema_version": 0,
          "attributes": {
            "id": "rtbassoc-05de7e18fa9605863",
            "original_route_table_id": "rtb-04a2387151cc3800e",
            "route_table_id": "rtb-0e83d9e3bed1c61d6",
            "vpc_id": "vpc-0146fe700c8b4117e"
          },
          "private": "bnVsbA==",
          "dependencies": [
            "module.vpc_deployment.aws_internet_gateway.group2-igw",
            "module.vpc_deployment.aws_route_table.group2-rt",
            "module.vpc_deployment.aws_vpc.group2-vpc"
          ]
        }
      ]
    },
    {
      "module": "module.vpc_deployment",
      "mode": "managed",
      "type": "aws_route_table",
      "name": "group2-rt",
      "provider": "provider.aws",
      "instances": [
        {
          "schema_version": 0,
          "attributes": {
            "id": "rtb-0e83d9e3bed1c61d6",
            "owner_id": "494568794072",
            "propagating_vgws": [],
            "route": [
              {
                "cidr_block": "0.0.0.0/0",
                "egress_only_gateway_id": "",
                "gateway_id": "igw-0e898187ce4bfdc1f",
                "instance_id": "",
                "ipv6_cidr_block": "",
                "nat_gateway_id": "",
                "network_interface_id": "",
                "transit_gateway_id": "",
                "vpc_peering_connection_id": ""
              }
            ],
            "tags": null,
            "vpc_id": "vpc-0146fe700c8b4117e"
          },
          "private": "bnVsbA==",
          "dependencies": [
            "module.vpc_deployment.aws_internet_gateway.group2-igw",
            "module.vpc_deployment.aws_vpc.group2-vpc"
          ]
        }
      ]
    },
    {
      "module": "module.vpc_deployment",
      "mode": "managed",
      "type": "aws_route_table_association",
      "name": "group2-live-rta",
      "provider": "provider.aws",
      "instances": [
        {
          "schema_version": 0,
          "attributes": {
            "gateway_id": null,
            "id": "rtbassoc-0d19f3860dab896a4",
            "route_table_id": "rtb-0e83d9e3bed1c61d6",
            "subnet_id": "subnet-00205c75239a2b535"
          },
          "private": "bnVsbA==",
          "dependencies": [
            "module.vpc_deployment.aws_internet_gateway.group2-igw",
            "module.vpc_deployment.aws_route_table.group2-rt",
            "module.vpc_deployment.aws_subnet.group2-sub-live",
            "module.vpc_deployment.aws_vpc.group2-vpc"
          ]
        }
      ]
    },
    {
      "module": "module.vpc_deployment",
      "mode": "managed",
      "type": "aws_route_table_association",
      "name": "group2-test-rta",
      "provider": "provider.aws",
      "instances": [
        {
          "schema_version": 0,
          "attributes": {
            "gateway_id": null,
            "id": "rtbassoc-0c4a3b14944c526c2",
            "route_table_id": "rtb-0e83d9e3bed1c61d6",
            "subnet_id": "subnet-08aedf2e51d2b36c9"
          },
          "private": "bnVsbA==",
          "dependencies": [
            "module.vpc_deployment.aws_internet_gateway.group2-igw",
            "module.vpc_deployment.aws_route_table.group2-rt",
            "module.vpc_deployment.aws_subnet.group2-sub-test",
            "module.vpc_deployment.aws_vpc.group2-vpc"
          ]
        }
      ]
    },
    {
      "module": "module.sg_deployment",
      "mode": "managed",
      "type": "aws_security_group",
      "name": "group2-sg",
      "provider": "provider.aws",
      "instances": [
        {
          "schema_version": 1,
          "attributes": {
            "arn": "arn:aws:ec2:eu-west-2:494568794072:security-group/sg-0ed3ffe0afa13f57f",
            "description": "Managed by Terraform",
            "egress": [
              {
                "cidr_blocks": [
                  "0.0.0.0/0"
                ],
                "description": "",
                "from_port": 0,
                "ipv6_cidr_blocks": [],
                "prefix_list_ids": [],
                "protocol": "-1",
                "security_groups": [],
                "self": false,
                "to_port": 0
              }
            ],
            "id": "sg-0ed3ffe0afa13f57f",
            "ingress": [
              {
                "cidr_blocks": [
                  "0.0.0.0/0"
                ],
                "description": "",
                "from_port": 4200,
                "ipv6_cidr_blocks": [],
                "prefix_list_ids": [],
                "protocol": "tcp",
                "security_groups": [],
                "self": false,
                "to_port": 4200
              },
              {
                "cidr_blocks": [
                  "0.0.0.0/0"
                ],
                "description": "",
                "from_port": 80,
                "ipv6_cidr_blocks": [],
                "prefix_list_ids": [],
                "protocol": "tcp",
                "security_groups": [],
                "self": false,
                "to_port": 80
              },
              {
                "cidr_blocks": [
                  "0.0.0.0/0"
                ],
                "description": "",
                "from_port": 9966,
                "ipv6_cidr_blocks": [],
                "prefix_list_ids": [],
                "protocol": "tcp",
                "security_groups": [],
                "self": false,
                "to_port": 9966
              }
            ],
            "name": "group2-sg",
            "name_prefix": null,
            "owner_id": "494568794072",
            "revoke_rules_on_delete": false,
            "tags": null,
            "timeouts": null,
            "vpc_id": "vpc-0146fe700c8b4117e"
          },
          "private": "eyJlMmJmYjczMC1lY2FhLTExZTYtOGY4OC0zNDM2M2JjN2M0YzAiOnsiY3JlYXRlIjo2MDAwMDAwMDAwMDAsImRlbGV0ZSI6NjAwMDAwMDAwMDAwfSwic2NoZW1hX3ZlcnNpb24iOiIxIn0=",
          "dependencies": [
            "module.vpc_deployment.aws_vpc.group2-vpc"
          ]
        }
      ]
    },
    {
      "module": "module.sg_deployment",
      "mode": "managed",
      "type": "aws_security_group",
      "name": "jenkins-sg",
      "provider": "provider.aws",
      "instances": [
        {
          "schema_version": 1,
          "attributes": {
            "arn": "arn:aws:ec2:eu-west-2:494568794072:security-group/sg-03172f2c1d5969ee1",
            "description": "Managed by Terraform",
            "egress": [
              {
                "cidr_blocks": [
                  "0.0.0.0/0"
                ],
                "description": "",
                "from_port": 0,
                "ipv6_cidr_blocks": [],
                "prefix_list_ids": [],
                "protocol": "-1",
                "security_groups": [],
                "self": false,
                "to_port": 0
              }
            ],
            "id": "sg-03172f2c1d5969ee1",
            "ingress": [
              {
                "cidr_blocks": [
                  "0.0.0.0/0"
                ],
                "description": "",
                "from_port": 22,
                "ipv6_cidr_blocks": [],
                "prefix_list_ids": [],
                "protocol": "tcp",
                "security_groups": [],
                "self": false,
                "to_port": 22
              },
              {
                "cidr_blocks": [
                  "0.0.0.0/0"
                ],
                "description": "",
                "from_port": 4200,
                "ipv6_cidr_blocks": [],
                "prefix_list_ids": [],
                "protocol": "tcp",
                "security_groups": [],
                "self": false,
                "to_port": 4200
              },
              {
                "cidr_blocks": [
                  "0.0.0.0/0"
                ],
                "description": "",
                "from_port": 8080,
                "ipv6_cidr_blocks": [],
                "prefix_list_ids": [],
                "protocol": "tcp",
                "security_groups": [],
                "self": false,
                "to_port": 8080
              },
              {
                "cidr_blocks": [
                  "0.0.0.0/0"
                ],
                "description": "",
                "from_port": 80,
                "ipv6_cidr_blocks": [],
                "prefix_list_ids": [],
                "protocol": "tcp",
                "security_groups": [],
                "self": false,
                "to_port": 80
              },
              {
                "cidr_blocks": [
                  "0.0.0.0/0"
                ],
                "description": "",
                "from_port": 9966,
                "ipv6_cidr_blocks": [],
                "prefix_list_ids": [],
                "protocol": "tcp",
                "security_groups": [],
                "self": false,
                "to_port": 9966
              }
            ],
            "name": "jenkins-sg",
            "name_prefix": null,
            "owner_id": "494568794072",
            "revoke_rules_on_delete": false,
            "tags": null,
            "timeouts": null,
            "vpc_id": "vpc-0146fe700c8b4117e"
          },
          "private": "eyJlMmJmYjczMC1lY2FhLTExZTYtOGY4OC0zNDM2M2JjN2M0YzAiOnsiY3JlYXRlIjo2MDAwMDAwMDAwMDAsImRlbGV0ZSI6NjAwMDAwMDAwMDAwfSwic2NoZW1hX3ZlcnNpb24iOiIxIn0=",
          "dependencies": [
            "module.vpc_deployment.aws_vpc.group2-vpc"
          ]
        }
      ]
    },
    {
      "module": "module.vpc_deployment",
      "mode": "managed",
      "type": "aws_subnet",
      "name": "group2-sub-live",
      "provider": "provider.aws",
      "instances": [
        {
          "schema_version": 1,
          "attributes": {
            "arn": "arn:aws:ec2:eu-west-2:494568794072:subnet/subnet-00205c75239a2b535",
            "assign_ipv6_address_on_creation": false,
            "availability_zone": "eu-west-2a",
            "availability_zone_id": "euw2-az2",
            "cidr_block": "10.10.1.0/24",
            "id": "subnet-00205c75239a2b535",
            "ipv6_cidr_block": "",
            "ipv6_cidr_block_association_id": "",
            "map_public_ip_on_launch": true,
            "outpost_arn": "",
            "owner_id": "494568794072",
            "tags": null,
            "timeouts": null,
            "vpc_id": "vpc-0146fe700c8b4117e"
          },
          "private": "eyJlMmJmYjczMC1lY2FhLTExZTYtOGY4OC0zNDM2M2JjN2M0YzAiOnsiY3JlYXRlIjo2MDAwMDAwMDAwMDAsImRlbGV0ZSI6MTIwMDAwMDAwMDAwMH0sInNjaGVtYV92ZXJzaW9uIjoiMSJ9",
          "dependencies": [
            "module.vpc_deployment.aws_vpc.group2-vpc"
          ]
        }
      ]
    },
    {
      "module": "module.vpc_deployment",
      "mode": "managed",
      "type": "aws_subnet",
      "name": "group2-sub-live2",
      "provider": "provider.aws",
      "instances": [
        {
          "schema_version": 1,
          "attributes": {
            "arn": "arn:aws:ec2:eu-west-2:494568794072:subnet/subnet-0e9300c56daa09219",
            "assign_ipv6_address_on_creation": false,
            "availability_zone": "eu-west-2b",
            "availability_zone_id": "euw2-az3",
            "cidr_block": "10.10.3.0/24",
            "id": "subnet-0e9300c56daa09219",
            "ipv6_cidr_block": "",
            "ipv6_cidr_block_association_id": "",
            "map_public_ip_on_launch": true,
            "outpost_arn": "",
            "owner_id": "494568794072",
            "tags": null,
            "timeouts": null,
            "vpc_id": "vpc-0146fe700c8b4117e"
          },
          "private": "eyJlMmJmYjczMC1lY2FhLTExZTYtOGY4OC0zNDM2M2JjN2M0YzAiOnsiY3JlYXRlIjo2MDAwMDAwMDAwMDAsImRlbGV0ZSI6MTIwMDAwMDAwMDAwMH0sInNjaGVtYV92ZXJzaW9uIjoiMSJ9",
          "dependencies": [
            "module.vpc_deployment.aws_vpc.group2-vpc"
          ]
        }
      ]
    },
    {
      "module": "module.vpc_deployment",
      "mode": "managed",
      "type": "aws_subnet",
      "name": "group2-sub-test",
      "provider": "provider.aws",
      "instances": [
        {
          "schema_version": 1,
          "attributes": {
            "arn": "arn:aws:ec2:eu-west-2:494568794072:subnet/subnet-08aedf2e51d2b36c9",
            "assign_ipv6_address_on_creation": false,
            "availability_zone": "eu-west-2b",
            "availability_zone_id": "euw2-az3",
            "cidr_block": "10.10.2.0/24",
            "id": "subnet-08aedf2e51d2b36c9",
            "ipv6_cidr_block": "",
            "ipv6_cidr_block_association_id": "",
            "map_public_ip_on_launch": true,
            "outpost_arn": "",
            "owner_id": "494568794072",
            "tags": null,
            "timeouts": null,
            "vpc_id": "vpc-0146fe700c8b4117e"
          },
          "private": "eyJlMmJmYjczMC1lY2FhLTExZTYtOGY4OC0zNDM2M2JjN2M0YzAiOnsiY3JlYXRlIjo2MDAwMDAwMDAwMDAsImRlbGV0ZSI6MTIwMDAwMDAwMDAwMH0sInNjaGVtYV92ZXJzaW9uIjoiMSJ9",
          "dependencies": [
            "module.vpc_deployment.aws_vpc.group2-vpc"
          ]
        }
      ]
    },
    {
      "module": "module.vpc_deployment",
      "mode": "managed",
      "type": "aws_vpc",
      "name": "group2-vpc",
      "provider": "provider.aws",
      "instances": [
        {
          "schema_version": 1,
          "attributes": {
            "arn": "arn:aws:ec2:eu-west-2:494568794072:vpc/vpc-0146fe700c8b4117e",
            "assign_generated_ipv6_cidr_block": false,
            "cidr_block": "10.10.0.0/16",
            "default_network_acl_id": "acl-08c0cb7833fd55448",
            "default_route_table_id": "rtb-04a2387151cc3800e",
            "default_security_group_id": "sg-09fc39a58d527b70c",
            "dhcp_options_id": "dopt-4f164827",
            "enable_classiclink": null,
            "enable_classiclink_dns_support": null,
            "enable_dns_hostnames": true,
            "enable_dns_support": true,
            "id": "vpc-0146fe700c8b4117e",
            "instance_tenancy": "default",
            "ipv6_association_id": "",
            "ipv6_cidr_block": "",
            "main_route_table_id": "rtb-04a2387151cc3800e",
            "owner_id": "494568794072",
            "tags": null
          },
          "private": "eyJzY2hlbWFfdmVyc2lvbiI6IjEifQ=="
        }
      ]
    }
  ]
}
