{
  "version": 4,
  "terraform_version": "0.12.24",
  "serial": 599,
  "lineage": "3617cfac-0346-9d70-ae40-7194c622c0fa",
  "outputs": {},
  "resources": [
    {
      "module": "module.jenkins_deployment",
      "mode": "data",
      "type": "template_file",
      "name": "jenkins_install",
      "provider": "provider.template",
      "instances": [
        {
          "schema_version": 0,
          "attributes": {
            "filename": null,
            "id": "4a3c31e3e7f5bd3f408067afa90f609c1b072e836c74f4de7fe7327284f24d97",
            "rendered": "#!/bin/bash\nsudo apt update \u0026\u0026 sudo apt upgrade -y\nsudo apt install openjdk-8-jdk -y\n#JENKINS:\nwget -q -O - https://pkg.jenkins.io/debian/jenkins.io.key | sudo apt-key add -\nsudo sh -c 'echo deb https://pkg.jenkins.io/debian binary/ \u003e /etc/apt/sources.list.d/jenkins.list'\nsudo apt-get update\nsudo apt-get install jenkins -y\n#AWS-CLI\ncurl \"https://awscli.amazonaws.com/awscli-exe-linux-x86_64.zip\" -o \"awscliv2.zip\"\nsudo apt install unzip -y\nunzip awscliv2.zip\nsudo ./aws/install \n#KUBECTL\ncurl -o kubectl https://amazon-eks.s3.us-west-2.amazonaws.com/1.15.10/2020-02-22/bin/linux/amd64/kubectl\ncurl -o kubectl.sha256 https://amazon-eks.s3.us-west-2.amazonaws.com/1.15.10/2020-02-22/bin/linux/amd64/kubectl.sha256\nopenssl sha1 -sha256 kubectl\nchmod +x ./kubectl\nmkdir -p $HOME/bin \u0026\u0026 cp ./kubectl $HOME/bin/kubectl \u0026\u0026 export PATH=$PATH:$HOME/bin\necho 'export PATH=$PATH:$HOME/bin' \u003e\u003e ~/.bashrc\nkubectl version --short --client\n#AWS CONFIGURE\naws configure\nAKIA36RH55U6I2TSXAG3\nwQsTaOrQnBLatDNdjEda3taVJCB0Y1M+wg/vbSmO\neu-west-2\njson\n\n\n",
            "template": "#!/bin/bash\nsudo apt update \u0026\u0026 sudo apt upgrade -y\nsudo apt install openjdk-8-jdk -y\n#JENKINS:\nwget -q -O - https://pkg.jenkins.io/debian/jenkins.io.key | sudo apt-key add -\nsudo sh -c 'echo deb https://pkg.jenkins.io/debian binary/ \u003e /etc/apt/sources.list.d/jenkins.list'\nsudo apt-get update\nsudo apt-get install jenkins -y\n#AWS-CLI\ncurl \"https://awscli.amazonaws.com/awscli-exe-linux-x86_64.zip\" -o \"awscliv2.zip\"\nsudo apt install unzip -y\nunzip awscliv2.zip\nsudo ./aws/install \n#KUBECTL\ncurl -o kubectl https://amazon-eks.s3.us-west-2.amazonaws.com/1.15.10/2020-02-22/bin/linux/amd64/kubectl\ncurl -o kubectl.sha256 https://amazon-eks.s3.us-west-2.amazonaws.com/1.15.10/2020-02-22/bin/linux/amd64/kubectl.sha256\nopenssl sha1 -sha256 kubectl\nchmod +x ./kubectl\nmkdir -p $HOME/bin \u0026\u0026 cp ./kubectl $HOME/bin/kubectl \u0026\u0026 export PATH=$PATH:$HOME/bin\necho 'export PATH=$PATH:$HOME/bin' \u003e\u003e ~/.bashrc\nkubectl version --short --client\n#AWS CONFIGURE\naws configure\nAKIA36RH55U6I2TSXAG3\nwQsTaOrQnBLatDNdjEda3taVJCB0Y1M+wg/vbSmO\neu-west-2\njson\n\n\n",
            "vars": null
          }
        }
      ]
    },
    {
      "module": "module.eks_deployment",
      "mode": "managed",
      "type": "aws_eks_cluster",
      "name": "group2-eks",
      "provider": "module.eks_deployment.provider.aws",
      "instances": [
        {
          "schema_version": 0,
          "attributes": {
            "arn": "arn:aws:eks:eu-west-2:494568794072:cluster/group2-eks",
            "certificate_authority": [
              {
                "data": "LS0tLS1CRUdJTiBDRVJUSUZJQ0FURS0tLS0tCk1JSUN5RENDQWJDZ0F3SUJBZ0lCQURBTkJna3Foa2lHOXcwQkFRc0ZBREFWTVJNd0VRWURWUVFERXdwcmRXSmwKY201bGRHVnpNQjRYRFRJd01EVXdOREUxTXpNeE5Gb1hEVE13TURVd01qRTFNek14TkZvd0ZURVRNQkVHQTFVRQpBeE1LYTNWaVpYSnVaWFJsY3pDQ0FTSXdEUVlKS29aSWh2Y05BUUVCQlFBRGdnRVBBRENDQVFvQ2dnRUJBTUFzCjA3dllhTndUWmNncUxzQmpNY05YNnBHcTFmam1CdmdLU0lud1ArME5VUXdJbng5RTR1L09LT01tODFGV3FVaG4KZi9ULzEvYms2VlRneDZPNk9yRlJ3cjVEdzhuL1FYb25UZ1luVXV0LzZ6ZEFiUk1rNlY4OEZaaWh1bkFHeVdldApCbXZyTDJXSjl2cVFZOFFUajkzTkFuWVJLTGdTTnRWVVU2NW1JQnc5OGJBN1M2aGhSU044Q0NuVXlsbitEeHpoCjhNa0svRHYrWXVLTWdiNVJjMEZzK0trTUhGVWZiYTRDaU9JUlJFbm1pQzdvbmpsanhZblAwSU1Sbk5SUXU0aW4KOFowMGNlNzVwWnQzODFNZWRtY2dHQUNMVVNiWHUvSjZQT0l6TTFad0E2dlQvVU5FbjZIWVpZWUViVzQ2ZWNzUApHYW5oOHk4K2x4K01qMXhPNEJNQ0F3RUFBYU1qTUNFd0RnWURWUjBQQVFIL0JBUURBZ0trTUE4R0ExVWRFd0VCCi93UUZNQU1CQWY4d0RRWUpLb1pJaHZjTkFRRUxCUUFEZ2dFQkFBWVRET3hET29wSEw0ek5aaVRuSE4vYmliYlUKNUpaZ2pIRytGWGoveEtnUng3eW1abWhVbzRDZUJFbWRJRzlvMVBNYkYwYkdscVpYN1d5UXJkVnlRQi9IdjBHLwpyM2I3S28wYXFSSlpRTm41RHpCZFJRWXdTNDAyZTUxMUU3ajVJcVk0TE9zYWlFT0s3Y3g3RXBjbTBZQWR5bE51ClpvTm1wczQyelRqcXdYOFl2S09nelowRGhGWnZudFBreWw5Z2ZWd0pBdkxSRW14WXVwY3Z3TWoveWd5N25wa0sKbTBFKzJyTjJnVnByMFBoOGRqWUZkZDhBQWh5R0FaSlVvc0dUY1o4VFVrUEJIck5CSURselBrRGp6QTNkcExaYgpiZ01NalkxUTRlSnJYSEIvRkk0R1lhcThpdUJWOEZ1L0JRVU8ycjJnMUd5ZGQ3SWdsakhQcllvQXR6bz0KLS0tLS1FTkQgQ0VSVElGSUNBVEUtLS0tLQo="
              }
            ],
            "created_at": "2020-05-04 15:26:23 +0000 UTC",
            "enabled_cluster_log_types": null,
            "encryption_config": [],
            "endpoint": "https://F32CF41952A15E015A886A2AC378A0E6.sk1.eu-west-2.eks.amazonaws.com",
            "id": "group2-eks",
            "identity": [
              {
                "oidc": [
                  {
                    "issuer": "https://oidc.eks.eu-west-2.amazonaws.com/id/F32CF41952A15E015A886A2AC378A0E6"
                  }
                ]
              }
            ],
            "name": "group2-eks",
            "platform_version": "eks.2",
            "role_arn": "arn:aws:iam::494568794072:role/eksrole",
            "status": "ACTIVE",
            "tags": null,
            "timeouts": null,
            "version": "1.15",
            "vpc_config": [
              {
                "cluster_security_group_id": "sg-0e263736387a20eb8",
                "endpoint_private_access": false,
                "endpoint_public_access": true,
                "public_access_cidrs": [
                  "0.0.0.0/0"
                ],
                "security_group_ids": [
                  "sg-044c9ed336553f498"
                ],
                "subnet_ids": [
                  "subnet-0c93d6209acaf91de",
                  "subnet-0daaa90dd8673c971"
                ],
                "vpc_id": "vpc-0ccc7caddcabaa107"
              }
            ]
          },
          "private": "eyJlMmJmYjczMC1lY2FhLTExZTYtOGY4OC0zNDM2M2JjN2M0YzAiOnsiY3JlYXRlIjoxODAwMDAwMDAwMDAwLCJkZWxldGUiOjkwMDAwMDAwMDAwMCwidXBkYXRlIjozNjAwMDAwMDAwMDAwfX0=",
          "dependencies": [
            "module.eks_deployment.aws_iam_role.eksrole",
            "module.eks_deployment.aws_iam_role_policy_attachment.AWS_EKSClusterPolicy",
            "module.eks_deployment.aws_iam_role_policy_attachment.AWS_EKSServicePolicy",
            "module.sg_deployment.aws_security_group.group2-sg",
            "module.vpc_deployment.aws_subnet.group2-sub-live",
            "module.vpc_deployment.aws_subnet.group2-sub-live2",
            "module.vpc_deployment.aws_vpc.group2-vpc"
          ]
        }
      ]
    },
    {
      "module": "module.eks_deployment",
      "mode": "managed",
      "type": "aws_eks_node_group",
      "name": "group2_eks_nodegrp",
      "provider": "module.eks_deployment.provider.aws",
      "instances": [
        {
          "schema_version": 0,
          "attributes": {
            "ami_type": "AL2_x86_64",
            "arn": "arn:aws:eks:eu-west-2:494568794072:nodegroup/group2-eks/g2_node_groups/c6b8f029-ef36-fdf5-18b1-bf4b12239f52",
            "cluster_name": "group2-eks",
            "disk_size": 20,
            "id": "group2-eks:g2_node_groups",
            "instance_types": [
              "t2.micro"
            ],
            "labels": null,
            "node_group_name": "g2_node_groups",
            "node_role_arn": "arn:aws:iam::494568794072:role/eksrole_node",
            "release_version": "1.15.10-20200228",
            "remote_access": [],
            "resources": [
              {
                "autoscaling_groups": [
                  {
                    "name": "eks-c6b8f029-ef36-fdf5-18b1-bf4b12239f52"
                  }
                ],
                "remote_access_security_group_id": ""
              }
            ],
            "scaling_config": [
              {
                "desired_size": 1,
                "max_size": 3,
                "min_size": 1
              }
            ],
            "status": "ACTIVE",
            "subnet_ids": [
              "subnet-0c93d6209acaf91de",
              "subnet-0daaa90dd8673c971"
            ],
            "tags": null,
            "timeouts": null,
            "version": "1.15"
          },
          "private": "eyJlMmJmYjczMC1lY2FhLTExZTYtOGY4OC0zNDM2M2JjN2M0YzAiOnsiY3JlYXRlIjozNjAwMDAwMDAwMDAwLCJkZWxldGUiOjM2MDAwMDAwMDAwMDAsInVwZGF0ZSI6MzYwMDAwMDAwMDAwMH19",
          "dependencies": [
            "module.eks_deployment.aws_eks_cluster.group2-eks",
            "module.eks_deployment.aws_iam_role.eksrole",
            "module.eks_deployment.aws_iam_role.eksrole_node",
            "module.eks_deployment.aws_iam_role_policy_attachment.AWS_EC2ContainerRegistryReadOnly",
            "module.eks_deployment.aws_iam_role_policy_attachment.AWS_EKSClusterPolicy",
            "module.eks_deployment.aws_iam_role_policy_attachment.AWS_EKSServicePolicy",
            "module.eks_deployment.aws_iam_role_policy_attachment.AWS_EKSWorkerNodePolicy",
            "module.eks_deployment.aws_iam_role_policy_attachment.AWS_EKS_CNI_Policy",
            "module.sg_deployment.aws_security_group.group2-sg",
            "module.vpc_deployment.aws_subnet.group2-sub-live",
            "module.vpc_deployment.aws_subnet.group2-sub-live2",
            "module.vpc_deployment.aws_vpc.group2-vpc"
          ]
        }
      ]
    },
    {
      "module": "module.eks_deployment",
      "mode": "managed",
      "type": "aws_iam_role",
      "name": "eksrole",
      "provider": "module.eks_deployment.provider.aws",
      "instances": [
        {
          "schema_version": 0,
          "attributes": {
            "arn": "arn:aws:iam::494568794072:role/eksrole",
            "assume_role_policy": "{\"Version\":\"2012-10-17\",\"Statement\":[{\"Effect\":\"Allow\",\"Principal\":{\"Service\":\"eks.amazonaws.com\"},\"Action\":\"sts:AssumeRole\"}]}",
            "create_date": "2020-05-04T15:26:20Z",
            "description": "",
            "force_detach_policies": false,
            "id": "eksrole",
            "max_session_duration": 3600,
            "name": "eksrole",
            "name_prefix": null,
            "path": "/",
            "permissions_boundary": null,
            "tags": null,
            "unique_id": "AROAXGJUY47MPI7WIEHPB"
          },
          "private": "bnVsbA=="
        }
      ]
    },
    {
      "module": "module.eks_deployment",
      "mode": "managed",
      "type": "aws_iam_role",
      "name": "eksrole_node",
      "provider": "module.eks_deployment.provider.aws",
      "instances": [
        {
          "schema_version": 0,
          "attributes": {
            "arn": "arn:aws:iam::494568794072:role/eksrole_node",
            "assume_role_policy": "{\"Version\":\"2012-10-17\",\"Statement\":[{\"Effect\":\"Allow\",\"Principal\":{\"Service\":\"ec2.amazonaws.com\"},\"Action\":\"sts:AssumeRole\"}]}",
            "create_date": "2020-05-04T15:26:20Z",
            "description": "",
            "force_detach_policies": false,
            "id": "eksrole_node",
            "max_session_duration": 3600,
            "name": "eksrole_node",
            "name_prefix": null,
            "path": "/",
            "permissions_boundary": null,
            "tags": null,
            "unique_id": "AROAXGJUY47MLARKSWVXU"
          },
          "private": "bnVsbA=="
        }
      ]
    },
    {
      "module": "module.eks_deployment",
      "mode": "managed",
      "type": "aws_iam_role_policy_attachment",
      "name": "AWS_EC2ContainerRegistryReadOnly",
      "provider": "module.eks_deployment.provider.aws",
      "instances": [
        {
          "schema_version": 0,
          "attributes": {
            "id": "eksrole_node-20200504152621147000000004",
            "policy_arn": "arn:aws:iam::aws:policy/AmazonEC2ContainerRegistryReadOnly",
            "role": "eksrole_node"
          },
          "private": "bnVsbA==",
          "dependencies": [
            "module.eks_deployment.aws_iam_role.eksrole_node"
          ]
        }
      ]
    },
    {
      "module": "module.eks_deployment",
      "mode": "managed",
      "type": "aws_iam_role_policy_attachment",
      "name": "AWS_EKSClusterPolicy",
      "provider": "module.eks_deployment.provider.aws",
      "instances": [
        {
          "schema_version": 0,
          "attributes": {
            "id": "eksrole-20200504152621085300000001",
            "policy_arn": "arn:aws:iam::aws:policy/AmazonEKSClusterPolicy",
            "role": "eksrole"
          },
          "private": "bnVsbA==",
          "dependencies": [
            "module.eks_deployment.aws_iam_role.eksrole"
          ]
        }
      ]
    },
    {
      "module": "module.eks_deployment",
      "mode": "managed",
      "type": "aws_iam_role_policy_attachment",
      "name": "AWS_EKSServicePolicy",
      "provider": "module.eks_deployment.provider.aws",
      "instances": [
        {
          "schema_version": 0,
          "attributes": {
            "id": "eksrole-20200504152621119000000003",
            "policy_arn": "arn:aws:iam::aws:policy/AmazonEKSServicePolicy",
            "role": "eksrole"
          },
          "private": "bnVsbA==",
          "dependencies": [
            "module.eks_deployment.aws_iam_role.eksrole"
          ]
        }
      ]
    },
    {
      "module": "module.eks_deployment",
      "mode": "managed",
      "type": "aws_iam_role_policy_attachment",
      "name": "AWS_EKSWorkerNodePolicy",
      "provider": "module.eks_deployment.provider.aws",
      "instances": [
        {
          "schema_version": 0,
          "attributes": {
            "id": "eksrole_node-20200504152621162800000005",
            "policy_arn": "arn:aws:iam::aws:policy/AmazonEKSWorkerNodePolicy",
            "role": "eksrole_node"
          },
          "private": "bnVsbA==",
          "dependencies": [
            "module.eks_deployment.aws_iam_role.eksrole_node"
          ]
        }
      ]
    },
    {
      "module": "module.eks_deployment",
      "mode": "managed",
      "type": "aws_iam_role_policy_attachment",
      "name": "AWS_EKS_CNI_Policy",
      "provider": "module.eks_deployment.provider.aws",
      "instances": [
        {
          "schema_version": 0,
          "attributes": {
            "id": "eksrole_node-20200504152621089300000002",
            "policy_arn": "arn:aws:iam::aws:policy/AmazonEKS_CNI_Policy",
            "role": "eksrole_node"
          },
          "private": "bnVsbA==",
          "dependencies": [
            "module.eks_deployment.aws_iam_role.eksrole_node"
          ]
        }
      ]
    },
    {
      "module": "module.jenkins_deployment",
      "mode": "managed",
      "type": "aws_instance",
      "name": "jenkins_instance",
      "provider": "provider.aws",
      "instances": [
        {
          "schema_version": 1,
          "attributes": {
            "ami": "ami-0917237b4e71c5759",
            "arn": "arn:aws:ec2:eu-west-2:494568794072:instance/i-05333defdcd33bd13",
            "associate_public_ip_address": true,
            "availability_zone": "eu-west-2c",
            "cpu_core_count": 1,
            "cpu_threads_per_core": 1,
            "credit_specification": [
              {
                "cpu_credits": "standard"
              }
            ],
            "disable_api_termination": false,
            "ebs_block_device": [],
            "ebs_optimized": false,
            "ephemeral_block_device": [],
            "get_password_data": false,
            "hibernation": false,
            "host_id": null,
            "iam_instance_profile": "",
            "id": "i-05333defdcd33bd13",
            "instance_initiated_shutdown_behavior": null,
            "instance_state": "running",
            "instance_type": "t2.micro",
            "ipv6_address_count": 0,
            "ipv6_addresses": [],
            "key_name": "group2",
            "metadata_options": [
              {
                "http_endpoint": "enabled",
                "http_put_response_hop_limit": 1,
                "http_tokens": "optional"
              }
            ],
            "monitoring": false,
            "network_interface": [],
            "network_interface_id": null,
            "outpost_arn": "",
            "password_data": "",
            "placement_group": "",
            "primary_network_interface_id": "eni-0f09418d46eb03d0e",
            "private_dns": "ip-10-10-1-56.eu-west-2.compute.internal",
            "private_ip": "10.10.1.56",
            "public_dns": "ec2-18-130-203-105.eu-west-2.compute.amazonaws.com",
            "public_ip": "18.130.203.105",
            "root_block_device": [
              {
                "delete_on_termination": true,
                "device_name": "/dev/sda1",
                "encrypted": false,
                "iops": 100,
                "kms_key_id": "",
                "volume_id": "vol-04bd6ae496c640089",
                "volume_size": 8,
                "volume_type": "gp2"
              }
            ],
            "security_groups": [],
            "source_dest_check": true,
            "subnet_id": "subnet-0c93d6209acaf91de",
            "tags": null,
            "tenancy": "default",
            "timeouts": null,
            "user_data": "67c697846c97d0acd3e715e11add3d0b9e378155",
            "user_data_base64": null,
            "volume_tags": {},
            "vpc_security_group_ids": [
              "sg-0f8ffb9df47b60fb9"
            ]
          },
          "private": "eyJlMmJmYjczMC1lY2FhLTExZTYtOGY4OC0zNDM2M2JjN2M0YzAiOnsiY3JlYXRlIjo2MDAwMDAwMDAwMDAsImRlbGV0ZSI6MTIwMDAwMDAwMDAwMCwidXBkYXRlIjo2MDAwMDAwMDAwMDB9LCJzY2hlbWFfdmVyc2lvbiI6IjEifQ==",
          "dependencies": [
            "module.sg_deployment.aws_security_group.jenkins-sg",
            "module.vpc_deployment.aws_subnet.group2-sub-live",
            "module.vpc_deployment.aws_vpc.group2-vpc"
          ]
        }
      ]
    },
    {
      "module": "module.jenkins_deployment",
      "mode": "managed",
      "type": "aws_instance",
      "name": "test_instance",
      "provider": "provider.aws",
      "instances": [
        {
          "schema_version": 1,
          "attributes": {
            "ami": "ami-0917237b4e71c5759",
            "arn": "arn:aws:ec2:eu-west-2:494568794072:instance/i-0f8e6fdd2306c9629",
            "associate_public_ip_address": true,
            "availability_zone": "eu-west-2b",
            "cpu_core_count": 1,
            "cpu_threads_per_core": 1,
            "credit_specification": [
              {
                "cpu_credits": "standard"
              }
            ],
            "disable_api_termination": false,
            "ebs_block_device": [],
            "ebs_optimized": false,
            "ephemeral_block_device": [],
            "get_password_data": false,
            "hibernation": false,
            "host_id": null,
            "iam_instance_profile": "",
            "id": "i-0f8e6fdd2306c9629",
            "instance_initiated_shutdown_behavior": null,
            "instance_state": "running",
            "instance_type": "t2.micro",
            "ipv6_address_count": 0,
            "ipv6_addresses": [],
            "key_name": "group2",
            "metadata_options": [
              {
                "http_endpoint": "enabled",
                "http_put_response_hop_limit": 1,
                "http_tokens": "optional"
              }
            ],
            "monitoring": false,
            "network_interface": [],
            "network_interface_id": null,
            "outpost_arn": "",
            "password_data": "",
            "placement_group": "",
            "primary_network_interface_id": "eni-09bd699ea3d5a3562",
            "private_dns": "ip-10-10-2-24.eu-west-2.compute.internal",
            "private_ip": "10.10.2.24",
            "public_dns": "ec2-3-10-51-57.eu-west-2.compute.amazonaws.com",
            "public_ip": "3.10.51.57",
            "root_block_device": [
              {
                "delete_on_termination": true,
                "device_name": "/dev/sda1",
                "encrypted": false,
                "iops": 100,
                "kms_key_id": "",
                "volume_id": "vol-044295393b68821f7",
                "volume_size": 8,
                "volume_type": "gp2"
              }
            ],
            "security_groups": [],
            "source_dest_check": true,
            "subnet_id": "subnet-00219577a84a4e5e0",
            "tags": null,
            "tenancy": "default",
            "timeouts": null,
            "user_data": null,
            "user_data_base64": null,
            "volume_tags": {},
            "vpc_security_group_ids": [
              "sg-044c9ed336553f498"
            ]
          },
          "private": "eyJlMmJmYjczMC1lY2FhLTExZTYtOGY4OC0zNDM2M2JjN2M0YzAiOnsiY3JlYXRlIjo2MDAwMDAwMDAwMDAsImRlbGV0ZSI6MTIwMDAwMDAwMDAwMCwidXBkYXRlIjo2MDAwMDAwMDAwMDB9LCJzY2hlbWFfdmVyc2lvbiI6IjEifQ==",
          "dependencies": [
            "module.sg_deployment.aws_security_group.group2-sg",
            "module.vpc_deployment.aws_subnet.group2-sub-test",
            "module.vpc_deployment.aws_vpc.group2-vpc"
          ]
        }
      ]
    },
    {
      "module": "module.vpc_deployment",
      "mode": "managed",
      "type": "aws_internet_gateway",
      "name": "group2-igw",
      "provider": "provider.aws",
      "instances": [
        {
          "schema_version": 0,
          "attributes": {
            "id": "igw-047dc303b8e937e96",
            "owner_id": "494568794072",
            "tags": null,
            "vpc_id": "vpc-0ccc7caddcabaa107"
          },
          "private": "bnVsbA==",
          "dependencies": [
            "module.vpc_deployment.aws_vpc.group2-vpc"
          ]
        }
      ]
    },
    {
      "module": "module.vpc_deployment",
      "mode": "managed",
      "type": "aws_main_route_table_association",
      "name": "group2-rt-main",
      "provider": "provider.aws",
      "instances": [
        {
          "schema_version": 0,
          "attributes": {
            "id": "rtbassoc-0e57a8a6ffae490b9",
            "original_route_table_id": "rtb-0e57337c0484373e5",
            "route_table_id": "rtb-0e5dd1aff1fa6704c",
            "vpc_id": "vpc-0ccc7caddcabaa107"
          },
          "private": "bnVsbA==",
          "dependencies": [
            "module.vpc_deployment.aws_internet_gateway.group2-igw",
            "module.vpc_deployment.aws_route_table.group2-rt",
            "module.vpc_deployment.aws_vpc.group2-vpc"
          ]
        }
      ]
    },
    {
      "module": "module.vpc_deployment",
      "mode": "managed",
      "type": "aws_route_table",
      "name": "group2-rt",
      "provider": "provider.aws",
      "instances": [
        {
          "schema_version": 0,
          "attributes": {
            "id": "rtb-0e5dd1aff1fa6704c",
            "owner_id": "494568794072",
            "propagating_vgws": [],
            "route": [
              {
                "cidr_block": "0.0.0.0/0",
                "egress_only_gateway_id": "",
                "gateway_id": "igw-047dc303b8e937e96",
                "instance_id": "",
                "ipv6_cidr_block": "",
                "nat_gateway_id": "",
                "network_interface_id": "",
                "transit_gateway_id": "",
                "vpc_peering_connection_id": ""
              }
            ],
            "tags": null,
            "vpc_id": "vpc-0ccc7caddcabaa107"
          },
          "private": "bnVsbA==",
          "dependencies": [
            "module.vpc_deployment.aws_internet_gateway.group2-igw",
            "module.vpc_deployment.aws_vpc.group2-vpc"
          ]
        }
      ]
    },
    {
      "module": "module.vpc_deployment",
      "mode": "managed",
      "type": "aws_route_table_association",
      "name": "group2-live-rta",
      "provider": "provider.aws",
      "instances": [
        {
          "schema_version": 0,
          "attributes": {
            "gateway_id": null,
            "id": "rtbassoc-0bf8324de34936dad",
            "route_table_id": "rtb-0e5dd1aff1fa6704c",
            "subnet_id": "subnet-0c93d6209acaf91de"
          },
          "private": "bnVsbA==",
          "dependencies": [
            "module.vpc_deployment.aws_internet_gateway.group2-igw",
            "module.vpc_deployment.aws_route_table.group2-rt",
            "module.vpc_deployment.aws_subnet.group2-sub-live",
            "module.vpc_deployment.aws_vpc.group2-vpc"
          ]
        }
      ]
    },
    {
      "module": "module.vpc_deployment",
      "mode": "managed",
      "type": "aws_route_table_association",
      "name": "group2-test-rta",
      "provider": "provider.aws",
      "instances": [
        {
          "schema_version": 0,
          "attributes": {
            "gateway_id": null,
            "id": "rtbassoc-0c851ed21cc9f1274",
            "route_table_id": "rtb-0e5dd1aff1fa6704c",
            "subnet_id": "subnet-00219577a84a4e5e0"
          },
          "private": "bnVsbA==",
          "dependencies": [
            "module.vpc_deployment.aws_internet_gateway.group2-igw",
            "module.vpc_deployment.aws_route_table.group2-rt",
            "module.vpc_deployment.aws_subnet.group2-sub-test",
            "module.vpc_deployment.aws_vpc.group2-vpc"
          ]
        }
      ]
    },
    {
      "module": "module.sg_deployment",
      "mode": "managed",
      "type": "aws_security_group",
      "name": "group2-sg",
      "provider": "provider.aws",
      "instances": [
        {
          "schema_version": 1,
          "attributes": {
            "arn": "arn:aws:ec2:eu-west-2:494568794072:security-group/sg-044c9ed336553f498",
            "description": "Managed by Terraform",
            "egress": [
              {
                "cidr_blocks": [
                  "0.0.0.0/0"
                ],
                "description": "",
                "from_port": 0,
                "ipv6_cidr_blocks": [],
                "prefix_list_ids": [],
                "protocol": "-1",
                "security_groups": [],
                "self": false,
                "to_port": 0
              }
            ],
            "id": "sg-044c9ed336553f498",
            "ingress": [
              {
                "cidr_blocks": [
                  "0.0.0.0/0"
                ],
                "description": "",
                "from_port": 4200,
                "ipv6_cidr_blocks": [],
                "prefix_list_ids": [],
                "protocol": "tcp",
                "security_groups": [],
                "self": false,
                "to_port": 4200
              },
              {
                "cidr_blocks": [
                  "0.0.0.0/0"
                ],
                "description": "",
                "from_port": 80,
                "ipv6_cidr_blocks": [],
                "prefix_list_ids": [],
                "protocol": "tcp",
                "security_groups": [],
                "self": false,
                "to_port": 80
              },
              {
                "cidr_blocks": [
                  "0.0.0.0/0"
                ],
                "description": "",
                "from_port": 9966,
                "ipv6_cidr_blocks": [],
                "prefix_list_ids": [],
                "protocol": "tcp",
                "security_groups": [],
                "self": false,
                "to_port": 9966
              }
            ],
            "name": "group2-sg",
            "name_prefix": null,
            "owner_id": "494568794072",
            "revoke_rules_on_delete": false,
            "tags": null,
            "timeouts": null,
            "vpc_id": "vpc-0ccc7caddcabaa107"
          },
          "private": "eyJlMmJmYjczMC1lY2FhLTExZTYtOGY4OC0zNDM2M2JjN2M0YzAiOnsiY3JlYXRlIjo2MDAwMDAwMDAwMDAsImRlbGV0ZSI6NjAwMDAwMDAwMDAwfSwic2NoZW1hX3ZlcnNpb24iOiIxIn0=",
          "dependencies": [
            "module.vpc_deployment.aws_vpc.group2-vpc"
          ]
        }
      ]
    },
    {
      "module": "module.sg_deployment",
      "mode": "managed",
      "type": "aws_security_group",
      "name": "jenkins-sg",
      "provider": "provider.aws",
      "instances": [
        {
          "schema_version": 1,
          "attributes": {
            "arn": "arn:aws:ec2:eu-west-2:494568794072:security-group/sg-0f8ffb9df47b60fb9",
            "description": "Managed by Terraform",
            "egress": [
              {
                "cidr_blocks": [
                  "0.0.0.0/0"
                ],
                "description": "",
                "from_port": 0,
                "ipv6_cidr_blocks": [],
                "prefix_list_ids": [],
                "protocol": "-1",
                "security_groups": [],
                "self": false,
                "to_port": 0
              }
            ],
            "id": "sg-0f8ffb9df47b60fb9",
            "ingress": [
              {
                "cidr_blocks": [
                  "0.0.0.0/0"
                ],
                "description": "",
                "from_port": 22,
                "ipv6_cidr_blocks": [],
                "prefix_list_ids": [],
                "protocol": "tcp",
                "security_groups": [],
                "self": false,
                "to_port": 22
              },
              {
                "cidr_blocks": [
                  "0.0.0.0/0"
                ],
                "description": "",
                "from_port": 4200,
                "ipv6_cidr_blocks": [],
                "prefix_list_ids": [],
                "protocol": "tcp",
                "security_groups": [],
                "self": false,
                "to_port": 4200
              },
              {
                "cidr_blocks": [
                  "0.0.0.0/0"
                ],
                "description": "",
                "from_port": 8080,
                "ipv6_cidr_blocks": [],
                "prefix_list_ids": [],
                "protocol": "tcp",
                "security_groups": [],
                "self": false,
                "to_port": 8080
              },
              {
                "cidr_blocks": [
                  "0.0.0.0/0"
                ],
                "description": "",
                "from_port": 80,
                "ipv6_cidr_blocks": [],
                "prefix_list_ids": [],
                "protocol": "tcp",
                "security_groups": [],
                "self": false,
                "to_port": 80
              },
              {
                "cidr_blocks": [
                  "0.0.0.0/0"
                ],
                "description": "",
                "from_port": 9966,
                "ipv6_cidr_blocks": [],
                "prefix_list_ids": [],
                "protocol": "tcp",
                "security_groups": [],
                "self": false,
                "to_port": 9966
              }
            ],
            "name": "jenkins-sg",
            "name_prefix": null,
            "owner_id": "494568794072",
            "revoke_rules_on_delete": false,
            "tags": null,
            "timeouts": null,
            "vpc_id": "vpc-0ccc7caddcabaa107"
          },
          "private": "eyJlMmJmYjczMC1lY2FhLTExZTYtOGY4OC0zNDM2M2JjN2M0YzAiOnsiY3JlYXRlIjo2MDAwMDAwMDAwMDAsImRlbGV0ZSI6NjAwMDAwMDAwMDAwfSwic2NoZW1hX3ZlcnNpb24iOiIxIn0=",
          "dependencies": [
            "module.vpc_deployment.aws_vpc.group2-vpc"
          ]
        }
      ]
    },
    {
      "module": "module.vpc_deployment",
      "mode": "managed",
      "type": "aws_subnet",
      "name": "group2-sub-live",
      "provider": "provider.aws",
      "instances": [
        {
          "schema_version": 1,
          "attributes": {
            "arn": "arn:aws:ec2:eu-west-2:494568794072:subnet/subnet-0c93d6209acaf91de",
            "assign_ipv6_address_on_creation": false,
            "availability_zone": "eu-west-2c",
            "availability_zone_id": "euw2-az1",
            "cidr_block": "10.10.1.0/24",
            "id": "subnet-0c93d6209acaf91de",
            "ipv6_cidr_block": "",
            "ipv6_cidr_block_association_id": "",
            "map_public_ip_on_launch": true,
            "outpost_arn": "",
            "owner_id": "494568794072",
            "tags": null,
            "timeouts": null,
            "vpc_id": "vpc-0ccc7caddcabaa107"
          },
          "private": "eyJlMmJmYjczMC1lY2FhLTExZTYtOGY4OC0zNDM2M2JjN2M0YzAiOnsiY3JlYXRlIjo2MDAwMDAwMDAwMDAsImRlbGV0ZSI6MTIwMDAwMDAwMDAwMH0sInNjaGVtYV92ZXJzaW9uIjoiMSJ9",
          "dependencies": [
            "module.vpc_deployment.aws_vpc.group2-vpc"
          ]
        }
      ]
    },
    {
      "module": "module.vpc_deployment",
      "mode": "managed",
      "type": "aws_subnet",
      "name": "group2-sub-live2",
      "provider": "provider.aws",
      "instances": [
        {
          "schema_version": 1,
          "attributes": {
            "arn": "arn:aws:ec2:eu-west-2:494568794072:subnet/subnet-0daaa90dd8673c971",
            "assign_ipv6_address_on_creation": false,
            "availability_zone": "eu-west-2b",
            "availability_zone_id": "euw2-az3",
            "cidr_block": "10.10.3.0/24",
            "id": "subnet-0daaa90dd8673c971",
            "ipv6_cidr_block": "",
            "ipv6_cidr_block_association_id": "",
            "map_public_ip_on_launch": true,
            "outpost_arn": "",
            "owner_id": "494568794072",
            "tags": null,
            "timeouts": null,
            "vpc_id": "vpc-0ccc7caddcabaa107"
          },
          "private": "eyJlMmJmYjczMC1lY2FhLTExZTYtOGY4OC0zNDM2M2JjN2M0YzAiOnsiY3JlYXRlIjo2MDAwMDAwMDAwMDAsImRlbGV0ZSI6MTIwMDAwMDAwMDAwMH0sInNjaGVtYV92ZXJzaW9uIjoiMSJ9",
          "dependencies": [
            "module.vpc_deployment.aws_vpc.group2-vpc"
          ]
        }
      ]
    },
    {
      "module": "module.vpc_deployment",
      "mode": "managed",
      "type": "aws_subnet",
      "name": "group2-sub-test",
      "provider": "provider.aws",
      "instances": [
        {
          "schema_version": 1,
          "attributes": {
            "arn": "arn:aws:ec2:eu-west-2:494568794072:subnet/subnet-00219577a84a4e5e0",
            "assign_ipv6_address_on_creation": false,
            "availability_zone": "eu-west-2b",
            "availability_zone_id": "euw2-az3",
            "cidr_block": "10.10.2.0/24",
            "id": "subnet-00219577a84a4e5e0",
            "ipv6_cidr_block": "",
            "ipv6_cidr_block_association_id": "",
            "map_public_ip_on_launch": true,
            "outpost_arn": "",
            "owner_id": "494568794072",
            "tags": null,
            "timeouts": null,
            "vpc_id": "vpc-0ccc7caddcabaa107"
          },
          "private": "eyJlMmJmYjczMC1lY2FhLTExZTYtOGY4OC0zNDM2M2JjN2M0YzAiOnsiY3JlYXRlIjo2MDAwMDAwMDAwMDAsImRlbGV0ZSI6MTIwMDAwMDAwMDAwMH0sInNjaGVtYV92ZXJzaW9uIjoiMSJ9",
          "dependencies": [
            "module.vpc_deployment.aws_vpc.group2-vpc"
          ]
        }
      ]
    },
    {
      "module": "module.vpc_deployment",
      "mode": "managed",
      "type": "aws_vpc",
      "name": "group2-vpc",
      "provider": "provider.aws",
      "instances": [
        {
          "schema_version": 1,
          "attributes": {
            "arn": "arn:aws:ec2:eu-west-2:494568794072:vpc/vpc-0ccc7caddcabaa107",
            "assign_generated_ipv6_cidr_block": false,
            "cidr_block": "10.10.0.0/16",
            "default_network_acl_id": "acl-02f5c49a81aab330b",
            "default_route_table_id": "rtb-0e57337c0484373e5",
            "default_security_group_id": "sg-02876ed1dbe947cdc",
            "dhcp_options_id": "dopt-4f164827",
            "enable_classiclink": null,
            "enable_classiclink_dns_support": null,
            "enable_dns_hostnames": true,
            "enable_dns_support": true,
            "id": "vpc-0ccc7caddcabaa107",
            "instance_tenancy": "default",
            "ipv6_association_id": "",
            "ipv6_cidr_block": "",
            "main_route_table_id": "rtb-0e57337c0484373e5",
            "owner_id": "494568794072",
            "tags": null
          },
          "private": "eyJzY2hlbWFfdmVyc2lvbiI6IjEifQ=="
        }
      ]
    }
  ]
}
