{
  "version": 4,
  "terraform_version": "0.12.24",
  "serial": 88,
  "lineage": "3617cfac-0346-9d70-ae40-7194c622c0fa",
  "outputs": {},
  "resources": [
    {
      "module": "module.ec2_deployment",
      "mode": "managed",
      "type": "aws_instance",
      "name": "ec2-live-1",
      "provider": "provider.aws",
      "instances": [
        {
          "schema_version": 1,
          "attributes": {
            "ami": "ami-0917237b4e71c5759",
            "arn": "arn:aws:ec2:eu-west-2:494568794072:instance/i-0dac0f63f15d8a914",
            "associate_public_ip_address": false,
            "availability_zone": "eu-west-2c",
            "cpu_core_count": 1,
            "cpu_threads_per_core": 1,
            "credit_specification": [
              {
                "cpu_credits": "standard"
              }
            ],
            "disable_api_termination": false,
            "ebs_block_device": [],
            "ebs_optimized": false,
            "ephemeral_block_device": [],
            "get_password_data": false,
            "hibernation": false,
            "host_id": null,
            "iam_instance_profile": "",
            "id": "i-0dac0f63f15d8a914",
            "instance_initiated_shutdown_behavior": null,
            "instance_state": "running",
            "instance_type": "t2.micro",
            "ipv6_address_count": 0,
            "ipv6_addresses": [],
            "key_name": "group2",
            "metadata_options": [
              {
                "http_endpoint": "enabled",
                "http_put_response_hop_limit": 1,
                "http_tokens": "optional"
              }
            ],
            "monitoring": false,
            "network_interface": [],
            "network_interface_id": null,
            "password_data": "",
            "placement_group": "",
            "primary_network_interface_id": "eni-04907da84c6c2723d",
            "private_dns": "ip-10-10-1-201.eu-west-2.compute.internal",
            "private_ip": "10.10.1.201",
            "public_dns": "",
            "public_ip": "",
            "root_block_device": [
              {
                "delete_on_termination": true,
                "device_name": "/dev/sda1",
                "encrypted": false,
                "iops": 100,
                "kms_key_id": "",
                "volume_id": "vol-070ea7712ef5a2670",
                "volume_size": 8,
                "volume_type": "gp2"
              }
            ],
            "security_groups": [],
            "source_dest_check": true,
            "subnet_id": "subnet-0020fbdbb1d26b365",
            "tags": null,
            "tenancy": "default",
            "timeouts": null,
            "user_data": null,
            "user_data_base64": null,
            "volume_tags": {},
            "vpc_security_group_ids": [
              "sg-001e101da61c89d23"
            ]
          },
          "private": "eyJlMmJmYjczMC1lY2FhLTExZTYtOGY4OC0zNDM2M2JjN2M0YzAiOnsiY3JlYXRlIjo2MDAwMDAwMDAwMDAsImRlbGV0ZSI6MTIwMDAwMDAwMDAwMCwidXBkYXRlIjo2MDAwMDAwMDAwMDB9LCJzY2hlbWFfdmVyc2lvbiI6IjEifQ==",
          "dependencies": [
            "module.sg_deployment.aws_security_group.group2-sg",
            "module.vpc_deployment.aws_subnet.group2-sub-live",
            "module.vpc_deployment.aws_vpc.group2-vpc"
          ]
        }
      ]
    },
    {
      "module": "module.ec2_deployment",
      "mode": "managed",
      "type": "aws_instance",
      "name": "ec2-live-2",
      "provider": "provider.aws",
      "instances": [
        {
          "schema_version": 1,
          "attributes": {
            "ami": "ami-0917237b4e71c5759",
            "arn": "arn:aws:ec2:eu-west-2:494568794072:instance/i-0d46874e5096a8e81",
            "associate_public_ip_address": false,
            "availability_zone": "eu-west-2c",
            "cpu_core_count": 1,
            "cpu_threads_per_core": 1,
            "credit_specification": [
              {
                "cpu_credits": "standard"
              }
            ],
            "disable_api_termination": false,
            "ebs_block_device": [],
            "ebs_optimized": false,
            "ephemeral_block_device": [],
            "get_password_data": false,
            "hibernation": false,
            "host_id": null,
            "iam_instance_profile": "",
            "id": "i-0d46874e5096a8e81",
            "instance_initiated_shutdown_behavior": null,
            "instance_state": "running",
            "instance_type": "t2.micro",
            "ipv6_address_count": 0,
            "ipv6_addresses": [],
            "key_name": "group2",
            "metadata_options": [
              {
                "http_endpoint": "enabled",
                "http_put_response_hop_limit": 1,
                "http_tokens": "optional"
              }
            ],
            "monitoring": false,
            "network_interface": [],
            "network_interface_id": null,
            "password_data": "",
            "placement_group": "",
            "primary_network_interface_id": "eni-0787f9da1b0e77c62",
            "private_dns": "ip-10-10-1-179.eu-west-2.compute.internal",
            "private_ip": "10.10.1.179",
            "public_dns": "",
            "public_ip": "",
            "root_block_device": [
              {
                "delete_on_termination": true,
                "device_name": "/dev/sda1",
                "encrypted": false,
                "iops": 100,
                "kms_key_id": "",
                "volume_id": "vol-02e5c2810fb0ae71a",
                "volume_size": 8,
                "volume_type": "gp2"
              }
            ],
            "security_groups": [],
            "source_dest_check": true,
            "subnet_id": "subnet-0020fbdbb1d26b365",
            "tags": null,
            "tenancy": "default",
            "timeouts": null,
            "user_data": null,
            "user_data_base64": null,
            "volume_tags": {},
            "vpc_security_group_ids": [
              "sg-001e101da61c89d23"
            ]
          },
          "private": "eyJlMmJmYjczMC1lY2FhLTExZTYtOGY4OC0zNDM2M2JjN2M0YzAiOnsiY3JlYXRlIjo2MDAwMDAwMDAwMDAsImRlbGV0ZSI6MTIwMDAwMDAwMDAwMCwidXBkYXRlIjo2MDAwMDAwMDAwMDB9LCJzY2hlbWFfdmVyc2lvbiI6IjEifQ==",
          "dependencies": [
            "module.sg_deployment.aws_security_group.group2-sg",
            "module.vpc_deployment.aws_subnet.group2-sub-live",
            "module.vpc_deployment.aws_vpc.group2-vpc"
          ]
        }
      ]
    },
    {
      "module": "module.ec2_deployment",
      "mode": "managed",
      "type": "aws_instance",
      "name": "ec2-test-1",
      "provider": "provider.aws",
      "instances": [
        {
          "schema_version": 1,
          "attributes": {
            "ami": "ami-0917237b4e71c5759",
            "arn": "arn:aws:ec2:eu-west-2:494568794072:instance/i-070529bc288f5c3c0",
            "associate_public_ip_address": false,
            "availability_zone": "eu-west-2c",
            "cpu_core_count": 1,
            "cpu_threads_per_core": 1,
            "credit_specification": [
              {
                "cpu_credits": "standard"
              }
            ],
            "disable_api_termination": false,
            "ebs_block_device": [],
            "ebs_optimized": false,
            "ephemeral_block_device": [],
            "get_password_data": false,
            "hibernation": false,
            "host_id": null,
            "iam_instance_profile": "",
            "id": "i-070529bc288f5c3c0",
            "instance_initiated_shutdown_behavior": null,
            "instance_state": "running",
            "instance_type": "t2.micro",
            "ipv6_address_count": 0,
            "ipv6_addresses": [],
            "key_name": "group2",
            "metadata_options": [
              {
                "http_endpoint": "enabled",
                "http_put_response_hop_limit": 1,
                "http_tokens": "optional"
              }
            ],
            "monitoring": false,
            "network_interface": [],
            "network_interface_id": null,
            "password_data": "",
            "placement_group": "",
            "primary_network_interface_id": "eni-058d8ccc7ec8ef2e1",
            "private_dns": "ip-10-10-2-118.eu-west-2.compute.internal",
            "private_ip": "10.10.2.118",
            "public_dns": "",
            "public_ip": "",
            "root_block_device": [
              {
                "delete_on_termination": true,
                "device_name": "/dev/sda1",
                "encrypted": false,
                "iops": 100,
                "kms_key_id": "",
                "volume_id": "vol-05c4f557e2654669e",
                "volume_size": 8,
                "volume_type": "gp2"
              }
            ],
            "security_groups": [],
            "source_dest_check": true,
            "subnet_id": "subnet-07bd2082d5e7816b4",
            "tags": null,
            "tenancy": "default",
            "timeouts": null,
            "user_data": null,
            "user_data_base64": null,
            "volume_tags": {},
            "vpc_security_group_ids": [
              "sg-001e101da61c89d23"
            ]
          },
          "private": "eyJlMmJmYjczMC1lY2FhLTExZTYtOGY4OC0zNDM2M2JjN2M0YzAiOnsiY3JlYXRlIjo2MDAwMDAwMDAwMDAsImRlbGV0ZSI6MTIwMDAwMDAwMDAwMCwidXBkYXRlIjo2MDAwMDAwMDAwMDB9LCJzY2hlbWFfdmVyc2lvbiI6IjEifQ==",
          "dependencies": [
            "module.sg_deployment.aws_security_group.group2-sg",
            "module.vpc_deployment.aws_subnet.group2-sub-test",
            "module.vpc_deployment.aws_vpc.group2-vpc"
          ]
        }
      ]
    },
    {
      "module": "module.vpc_deployment",
      "mode": "managed",
      "type": "aws_internet_gateway",
      "name": "group2-igw",
      "provider": "provider.aws",
      "instances": [
        {
          "schema_version": 0,
          "attributes": {
            "id": "igw-0887ec2f1c13d3c6a",
            "owner_id": "494568794072",
            "tags": null,
            "vpc_id": "vpc-0bebca3def6aeaf71"
          },
          "private": "bnVsbA==",
          "dependencies": [
            "module.vpc_deployment.aws_vpc.group2-vpc"
          ]
        }
      ]
    },
    {
      "module": "module.vpc_deployment",
      "mode": "managed",
      "type": "aws_route_table",
      "name": "group2-rt",
      "provider": "provider.aws",
      "instances": [
        {
          "schema_version": 0,
          "attributes": {
            "id": "rtb-08b1415d714ac18dc",
            "owner_id": "494568794072",
            "propagating_vgws": [],
            "route": [
              {
                "cidr_block": "0.0.0.0/0",
                "egress_only_gateway_id": "",
                "gateway_id": "igw-0887ec2f1c13d3c6a",
                "instance_id": "",
                "ipv6_cidr_block": "",
                "nat_gateway_id": "",
                "network_interface_id": "",
                "transit_gateway_id": "",
                "vpc_peering_connection_id": ""
              }
            ],
            "tags": null,
            "vpc_id": "vpc-0bebca3def6aeaf71"
          },
          "private": "bnVsbA==",
          "dependencies": [
            "module.vpc_deployment.aws_internet_gateway.group2-igw",
            "module.vpc_deployment.aws_vpc.group2-vpc"
          ]
        }
      ]
    },
    {
      "module": "module.vpc_deployment",
      "mode": "managed",
      "type": "aws_route_table_association",
      "name": "group2-live-rta",
      "provider": "provider.aws",
      "instances": [
        {
          "schema_version": 0,
          "attributes": {
            "gateway_id": null,
            "id": "rtbassoc-08cd977abc6bdc6bc",
            "route_table_id": "rtb-08b1415d714ac18dc",
            "subnet_id": "subnet-0020fbdbb1d26b365"
          },
          "private": "bnVsbA==",
          "dependencies": [
            "module.vpc_deployment.aws_internet_gateway.group2-igw",
            "module.vpc_deployment.aws_route_table.group2-rt",
            "module.vpc_deployment.aws_subnet.group2-sub-live",
            "module.vpc_deployment.aws_vpc.group2-vpc"
          ]
        }
      ]
    },
    {
      "module": "module.vpc_deployment",
      "mode": "managed",
      "type": "aws_route_table_association",
      "name": "group2-test-rta",
      "provider": "provider.aws",
      "instances": [
        {
          "schema_version": 0,
          "attributes": {
            "gateway_id": null,
            "id": "rtbassoc-08cd977abc6bdc6bc",
            "route_table_id": "rtb-08b1415d714ac18dc",
            "subnet_id": "subnet-0020fbdbb1d26b365"
          },
          "private": "bnVsbA==",
          "dependencies": [
            "module.vpc_deployment.aws_internet_gateway.group2-igw",
            "module.vpc_deployment.aws_route_table.group2-rt",
            "module.vpc_deployment.aws_subnet.group2-sub-live",
            "module.vpc_deployment.aws_vpc.group2-vpc"
          ]
        }
      ]
    },
    {
      "module": "module.sg_deployment",
      "mode": "managed",
      "type": "aws_security_group",
      "name": "group2-sg",
      "provider": "provider.aws",
      "instances": [
        {
          "schema_version": 1,
          "attributes": {
            "arn": "arn:aws:ec2:eu-west-2:494568794072:security-group/sg-001e101da61c89d23",
            "description": "Managed by Terraform",
            "egress": [
              {
                "cidr_blocks": [
                  "0.0.0.0/0"
                ],
                "description": "",
                "from_port": 0,
                "ipv6_cidr_blocks": [],
                "prefix_list_ids": [],
                "protocol": "-1",
                "security_groups": [],
                "self": false,
                "to_port": 0
              }
            ],
            "id": "sg-001e101da61c89d23",
            "ingress": [
              {
                "cidr_blocks": [
                  "0.0.0.0/0"
                ],
                "description": "",
                "from_port": 4200,
                "ipv6_cidr_blocks": [],
                "prefix_list_ids": [],
                "protocol": "tcp",
                "security_groups": [],
                "self": false,
                "to_port": 4200
              },
              {
                "cidr_blocks": [
                  "0.0.0.0/0"
                ],
                "description": "",
                "from_port": 80,
                "ipv6_cidr_blocks": [],
                "prefix_list_ids": [],
                "protocol": "tcp",
                "security_groups": [],
                "self": false,
                "to_port": 80
              },
              {
                "cidr_blocks": [
                  "0.0.0.0/0"
                ],
                "description": "",
                "from_port": 9966,
                "ipv6_cidr_blocks": [],
                "prefix_list_ids": [],
                "protocol": "tcp",
                "security_groups": [],
                "self": false,
                "to_port": 9966
              }
            ],
            "name": "group2-sg",
            "name_prefix": null,
            "owner_id": "494568794072",
            "revoke_rules_on_delete": false,
            "tags": null,
            "timeouts": null,
            "vpc_id": "vpc-0bebca3def6aeaf71"
          },
          "private": "eyJlMmJmYjczMC1lY2FhLTExZTYtOGY4OC0zNDM2M2JjN2M0YzAiOnsiY3JlYXRlIjo2MDAwMDAwMDAwMDAsImRlbGV0ZSI6NjAwMDAwMDAwMDAwfSwic2NoZW1hX3ZlcnNpb24iOiIxIn0=",
          "dependencies": [
            "module.vpc_deployment.aws_vpc.group2-vpc"
          ]
        }
      ]
    },
    {
      "module": "module.vpc_deployment",
      "mode": "managed",
      "type": "aws_subnet",
      "name": "group2-sub-live",
      "provider": "provider.aws",
      "instances": [
        {
          "schema_version": 1,
          "attributes": {
            "arn": "arn:aws:ec2:eu-west-2:494568794072:subnet/subnet-0020fbdbb1d26b365",
            "assign_ipv6_address_on_creation": false,
            "availability_zone": "eu-west-2c",
            "availability_zone_id": "euw2-az1",
            "cidr_block": "10.10.1.0/24",
            "id": "subnet-0020fbdbb1d26b365",
            "ipv6_cidr_block": "",
            "ipv6_cidr_block_association_id": "",
            "map_public_ip_on_launch": false,
            "owner_id": "494568794072",
            "tags": null,
            "timeouts": null,
            "vpc_id": "vpc-0bebca3def6aeaf71"
          },
          "private": "eyJlMmJmYjczMC1lY2FhLTExZTYtOGY4OC0zNDM2M2JjN2M0YzAiOnsiY3JlYXRlIjo2MDAwMDAwMDAwMDAsImRlbGV0ZSI6MTIwMDAwMDAwMDAwMH0sInNjaGVtYV92ZXJzaW9uIjoiMSJ9",
          "dependencies": [
            "module.vpc_deployment.aws_vpc.group2-vpc"
          ]
        }
      ]
    },
    {
      "module": "module.vpc_deployment",
      "mode": "managed",
      "type": "aws_subnet",
      "name": "group2-sub-test",
      "provider": "provider.aws",
      "instances": [
        {
          "schema_version": 1,
          "attributes": {
            "arn": "arn:aws:ec2:eu-west-2:494568794072:subnet/subnet-07bd2082d5e7816b4",
            "assign_ipv6_address_on_creation": false,
            "availability_zone": "eu-west-2c",
            "availability_zone_id": "euw2-az1",
            "cidr_block": "10.10.2.0/24",
            "id": "subnet-07bd2082d5e7816b4",
            "ipv6_cidr_block": "",
            "ipv6_cidr_block_association_id": "",
            "map_public_ip_on_launch": false,
            "owner_id": "494568794072",
            "tags": null,
            "timeouts": null,
            "vpc_id": "vpc-0bebca3def6aeaf71"
          },
          "private": "eyJlMmJmYjczMC1lY2FhLTExZTYtOGY4OC0zNDM2M2JjN2M0YzAiOnsiY3JlYXRlIjo2MDAwMDAwMDAwMDAsImRlbGV0ZSI6MTIwMDAwMDAwMDAwMH0sInNjaGVtYV92ZXJzaW9uIjoiMSJ9",
          "dependencies": [
            "module.vpc_deployment.aws_vpc.group2-vpc"
          ]
        }
      ]
    },
    {
      "module": "module.vpc_deployment",
      "mode": "managed",
      "type": "aws_vpc",
      "name": "group2-vpc",
      "provider": "provider.aws",
      "instances": [
        {
          "schema_version": 1,
          "attributes": {
            "arn": "arn:aws:ec2:eu-west-2:494568794072:vpc/vpc-0bebca3def6aeaf71",
            "assign_generated_ipv6_cidr_block": false,
            "cidr_block": "10.10.0.0/16",
            "default_network_acl_id": "acl-051fbad881f2ee7ee",
            "default_route_table_id": "rtb-05084db71e57ca8d1",
            "default_security_group_id": "sg-09fb03ed455c3cb9e",
            "dhcp_options_id": "dopt-4f164827",
            "enable_classiclink": null,
            "enable_classiclink_dns_support": null,
            "enable_dns_hostnames": true,
            "enable_dns_support": true,
            "id": "vpc-0bebca3def6aeaf71",
            "instance_tenancy": "default",
            "ipv6_association_id": "",
            "ipv6_cidr_block": "",
            "main_route_table_id": "rtb-05084db71e57ca8d1",
            "owner_id": "494568794072",
            "tags": null
          },
          "private": "eyJzY2hlbWFfdmVyc2lvbiI6IjEifQ=="
        }
      ]
    }
  ]
}
